
Microsoft Visual Studio Solution File, Format Version 12.00
# Visual Studio Version 16
VisualStudioVersion = 16.0.31320.298
MinimumVisualStudioVersion = 10.0.40219.1
Project("{9A19103F-16F7-4668-BE54-9A1E7A4F7556}") = "MonoScene.Pipeline.GLTF", "..\Dependencies\MonoScene\src\MonoScene.Pipeline.GLTF\MonoScene.Pipeline.GLTF.csproj", "{81A8913B-7199-42F5-960F-2BCBC5868CC3}"
EndProject
Project("{2150E333-8FDC-42A3-9474-1A3956D46DE8}") = "MonoScene", "MonoScene", "{7C9A63D1-8660-4E1B-AA96-F9C0CD1FB3F3}"
EndProject
Project("{9A19103F-16F7-4668-BE54-9A1E7A4F7556}") = "MonoScene.Runtime.Model3D", "..\Dependencies\MonoScene\src\MonoScene.Runtime.Model3D\MonoScene.Runtime.Model3D.csproj", "{194077FC-29B2-436E-AF02-F1985334A1F8}"
EndProject
Project("{9A19103F-16F7-4668-BE54-9A1E7A4F7556}") = "MonoScene.Pipeline", "..\Dependencies\MonoScene\src\MonoScene.Pipeline\MonoScene.Pipeline.csproj", "{3725F10D-C1A8-464C-BEB2-AE6AF4FA1383}"
EndProject
Project("{9A19103F-16F7-4668-BE54-9A1E7A4F7556}") = "MonoScene.Runtime.Content", "..\Dependencies\MonoScene\src\MonoScene.Runtime.Content\MonoScene.Runtime.Content.csproj", "{549CBDF1-C0FB-403F-9176-AFF129ED504F}"
EndProject
Project("{9A19103F-16F7-4668-BE54-9A1E7A4F7556}") = "MonoScene.Runtime.Effects.PBR", "..\Dependencies\MonoScene\src\MonoScene.Runtime.Effects.PBR\MonoScene.Runtime.Effects.PBR.csproj", "{8853ED25-278B-4AF6-AFFE-2A0F97345E50}"
EndProject
Project("{9A19103F-16F7-4668-BE54-9A1E7A4F7556}") = "MonoScene.Runtime.Effects.Classic", "..\Dependencies\MonoScene\src\MonoScene.Runtime.Effects.Classic\MonoScene.Runtime.Effects.Classic.csproj", "{4138B9D6-7752-4D69-B02F-EFBE62DF772A}"
EndProject
Project("{9A19103F-16F7-4668-BE54-9A1E7A4F7556}") = "MonoScene.Runtime.Scene3D", "..\Dependencies\MonoScene\src\MonoScene.Runtime.Scene3D\MonoScene.Runtime.Scene3D.csproj", "{6EBCDF70-67E1-4D24-BF04-F804E37F0684}"
EndProject
Project("{9A19103F-16F7-4668-BE54-9A1E7A4F7556}") = "SunriseLauncher", "Sunrise\SunriseLauncher.csproj", "{1055CF76-6DBB-468A-91A3-6EB0EA4839EB}"
EndProject
Project("{9A19103F-16F7-4668-BE54-9A1E7A4F7556}") = "Slate.Client", "Slate.Client\Slate.Client.csproj", "{F2BD3C80-4B84-45DD-B02C-8B4014D112E4}"
	ProjectSection(ProjectDependencies) = postProject
		{CF40B351-77F1-43BB-B24E-C9C8D44D92AC} = {CF40B351-77F1-43BB-B24E-C9C8D44D92AC}
	EndProjectSection
	ProjectSection(Project..\Dependencies) = postProject
		{CF40B351-77F1-43BB-B24E-C9C8D44D92AC} = {CF40B351-77F1-43BB-B24E-C9C8D44D92AC}
	EndProjectSection
EndProject
Project("{2150E333-8FDC-42A3-9474-1A3956D46DE8}") = "EmptyKeys", "EmptyKeys", "{D8183253-E3D1-470D-80B7-5EA9E0129DB4}"
EndProject
Project("{9A19103F-16F7-4668-BE54-9A1E7A4F7556}") = "ekUiGen", "..\Dependencies\UI_Generator\ekUiGen\ekUiGen.csproj", "{EEE55E35-FD1E-4970-9C0A-0A2F04A9997D}"
EndProject
Project("{9A19103F-16F7-4668-BE54-9A1E7A4F7556}") = "EmptyKeys.UserInterface.Designer", "..\Dependencies\UI_Generator\EmptyKeys.UserInterface.Designer\EmptyKeys.UserInterface.Designer.csproj", "{1AFC50BD-017E-4D20-B912-2A05C96F38F9}"
EndProject
Project("{9A19103F-16F7-4668-BE54-9A1E7A4F7556}") = "EmptyKeys.UserInterface.Generator", "..\Dependencies\UI_Generator\UIGenerator\EmptyKeys.UserInterface.Generator.csproj", "{F0F78B47-FADA-4EE0-9D94-FCD94F555166}"
EndProject
Project("{9A19103F-16F7-4668-BE54-9A1E7A4F7556}") = "Slate.Client.UI", "Slate.Client.UI\Slate.Client.UI.csproj", "{CF40B351-77F1-43BB-B24E-C9C8D44D92AC}"
	ProjectSection(Project..\Dependencies) = postProject
		{EEE55E35-FD1E-4970-9C0A-0A2F04A9997D} = {EEE55E35-FD1E-4970-9C0A-0A2F04A9997D}
	EndProjectSection
EndProject
Project("{9A19103F-16F7-4668-BE54-9A1E7A4F7556}") = "Slate.Client.Networking", "Slate.Client.Networking\Slate.Client.Networking.csproj", "{E6899054-DEB7-4093-867D-9FE10F39134D}"
EndProject
Project("{2150E333-8FDC-42A3-9474-1A3956D46DE8}") = "Shared", "Shared", "{E94A7E73-7D87-4FB6-A818-B014CD127704}"
EndProject
Project("{9A19103F-16F7-4668-BE54-9A1E7A4F7556}") = "Slate.Client.UI.Common", "Slate.Client.UI.Common\Slate.Client.UI.Common.csproj", "{C8DFDAF6-D9BF-455A-B88A-2FFCDB64E696}"
EndProject
Project("{2150E333-8FDC-42A3-9474-1A3956D46DE8}") = "Tools", "Tools", "{9403E16B-0BB3-4D80-80E9-4C35CE483B80}"
EndProject
Project("{9A19103F-16F7-4668-BE54-9A1E7A4F7556}") = "BinaryVibrance.INPCSourceGenerator", "..\Tools\BinaryVibrance.NotifyPropertyChangedSourceGenerator\BinaryVibrance.INPCSourceGenerator.csproj", "{6B84871F-F241-421C-838F-0C9FE10FD382}"
EndProject
Project("{9A19103F-16F7-4668-BE54-9A1E7A4F7556}") = "Slate.Networking.External.Protocol", "..\Shared\Slate.Networking.External.Protocol\Slate.Networking.External.Protocol.csproj", "{8FCC109D-116C-4803-971A-5E02025B23BB}"
EndProject
Project("{9A19103F-16F7-4668-BE54-9A1E7A4F7556}") = "Slate.Networking.Shared.Protocol", "..\Shared\Slate.Networking.Shared.Protocol\Slate.Networking.Shared.Protocol.csproj", "{AAD353B1-3EFA-4131-A9A5-BE62ACAD9CFF}"
EndProject
Global
	GlobalSection(SolutionConfigurationPlatforms) = preSolution
		Debug|Any CPU = Debug|Any CPU
		Debug|arm64 = Debug|arm64
		Debug|x64 = Debug|x64
		Debug|x86 = Debug|x86
		Release|Any CPU = Release|Any CPU
		Release|arm64 = Release|arm64
		Release|x64 = Release|x64
		Release|x86 = Release|x86
	EndGlobalSection
	GlobalSection(ProjectConfigurationPlatforms) = postSolution
		{81A8913B-7199-42F5-960F-2BCBC5868CC3}.Debug|Any CPU.ActiveCfg = Debug|Any CPU
		{81A8913B-7199-42F5-960F-2BCBC5868CC3}.Debug|Any CPU.Build.0 = Debug|Any CPU
		{81A8913B-7199-42F5-960F-2BCBC5868CC3}.Debug|arm64.ActiveCfg = Debug|Any CPU
		{81A8913B-7199-42F5-960F-2BCBC5868CC3}.Debug|arm64.Build.0 = Debug|Any CPU
		{81A8913B-7199-42F5-960F-2BCBC5868CC3}.Debug|x64.ActiveCfg = Debug|Any CPU
		{81A8913B-7199-42F5-960F-2BCBC5868CC3}.Debug|x64.Build.0 = Debug|Any CPU
		{81A8913B-7199-42F5-960F-2BCBC5868CC3}.Debug|x86.ActiveCfg = Debug|Any CPU
		{81A8913B-7199-42F5-960F-2BCBC5868CC3}.Debug|x86.Build.0 = Debug|Any CPU
		{81A8913B-7199-42F5-960F-2BCBC5868CC3}.Release|Any CPU.ActiveCfg = Release|Any CPU
		{81A8913B-7199-42F5-960F-2BCBC5868CC3}.Release|Any CPU.Build.0 = Release|Any CPU
		{81A8913B-7199-42F5-960F-2BCBC5868CC3}.Release|arm64.ActiveCfg = Release|Any CPU
		{81A8913B-7199-42F5-960F-2BCBC5868CC3}.Release|arm64.Build.0 = Release|Any CPU
		{81A8913B-7199-42F5-960F-2BCBC5868CC3}.Release|x64.ActiveCfg = Release|Any CPU
		{81A8913B-7199-42F5-960F-2BCBC5868CC3}.Release|x64.Build.0 = Release|Any CPU
		{81A8913B-7199-42F5-960F-2BCBC5868CC3}.Release|x86.ActiveCfg = Release|Any CPU
		{81A8913B-7199-42F5-960F-2BCBC5868CC3}.Release|x86.Build.0 = Release|Any CPU
		{194077FC-29B2-436E-AF02-F1985334A1F8}.Debug|Any CPU.ActiveCfg = Debug|Any CPU
		{194077FC-29B2-436E-AF02-F1985334A1F8}.Debug|Any CPU.Build.0 = Debug|Any CPU
		{194077FC-29B2-436E-AF02-F1985334A1F8}.Debug|arm64.ActiveCfg = Debug|Any CPU
		{194077FC-29B2-436E-AF02-F1985334A1F8}.Debug|arm64.Build.0 = Debug|Any CPU
		{194077FC-29B2-436E-AF02-F1985334A1F8}.Debug|x64.ActiveCfg = Debug|Any CPU
		{194077FC-29B2-436E-AF02-F1985334A1F8}.Debug|x64.Build.0 = Debug|Any CPU
		{194077FC-29B2-436E-AF02-F1985334A1F8}.Debug|x86.ActiveCfg = Debug|Any CPU
		{194077FC-29B2-436E-AF02-F1985334A1F8}.Debug|x86.Build.0 = Debug|Any CPU
		{194077FC-29B2-436E-AF02-F1985334A1F8}.Release|Any CPU.ActiveCfg = Release|Any CPU
		{194077FC-29B2-436E-AF02-F1985334A1F8}.Release|Any CPU.Build.0 = Release|Any CPU
		{194077FC-29B2-436E-AF02-F1985334A1F8}.Release|arm64.ActiveCfg = Release|Any CPU
		{194077FC-29B2-436E-AF02-F1985334A1F8}.Release|arm64.Build.0 = Release|Any CPU
		{194077FC-29B2-436E-AF02-F1985334A1F8}.Release|x64.ActiveCfg = Release|Any CPU
		{194077FC-29B2-436E-AF02-F1985334A1F8}.Release|x64.Build.0 = Release|Any CPU
		{194077FC-29B2-436E-AF02-F1985334A1F8}.Release|x86.ActiveCfg = Release|Any CPU
		{194077FC-29B2-436E-AF02-F1985334A1F8}.Release|x86.Build.0 = Release|Any CPU
		{3725F10D-C1A8-464C-BEB2-AE6AF4FA1383}.Debug|Any CPU.ActiveCfg = Debug|Any CPU
		{3725F10D-C1A8-464C-BEB2-AE6AF4FA1383}.Debug|Any CPU.Build.0 = Debug|Any CPU
		{3725F10D-C1A8-464C-BEB2-AE6AF4FA1383}.Debug|arm64.ActiveCfg = Debug|Any CPU
		{3725F10D-C1A8-464C-BEB2-AE6AF4FA1383}.Debug|arm64.Build.0 = Debug|Any CPU
		{3725F10D-C1A8-464C-BEB2-AE6AF4FA1383}.Debug|x64.ActiveCfg = Debug|Any CPU
		{3725F10D-C1A8-464C-BEB2-AE6AF4FA1383}.Debug|x64.Build.0 = Debug|Any CPU
		{3725F10D-C1A8-464C-BEB2-AE6AF4FA1383}.Debug|x86.ActiveCfg = Debug|Any CPU
		{3725F10D-C1A8-464C-BEB2-AE6AF4FA1383}.Debug|x86.Build.0 = Debug|Any CPU
		{3725F10D-C1A8-464C-BEB2-AE6AF4FA1383}.Release|Any CPU.ActiveCfg = Release|Any CPU
		{3725F10D-C1A8-464C-BEB2-AE6AF4FA1383}.Release|Any CPU.Build.0 = Release|Any CPU
		{3725F10D-C1A8-464C-BEB2-AE6AF4FA1383}.Release|arm64.ActiveCfg = Release|Any CPU
		{3725F10D-C1A8-464C-BEB2-AE6AF4FA1383}.Release|arm64.Build.0 = Release|Any CPU
		{3725F10D-C1A8-464C-BEB2-AE6AF4FA1383}.Release|x64.ActiveCfg = Release|Any CPU
		{3725F10D-C1A8-464C-BEB2-AE6AF4FA1383}.Release|x64.Build.0 = Release|Any CPU
		{3725F10D-C1A8-464C-BEB2-AE6AF4FA1383}.Release|x86.ActiveCfg = Release|Any CPU
		{3725F10D-C1A8-464C-BEB2-AE6AF4FA1383}.Release|x86.Build.0 = Release|Any CPU
		{549CBDF1-C0FB-403F-9176-AFF129ED504F}.Debug|Any CPU.ActiveCfg = Debug|Any CPU
		{549CBDF1-C0FB-403F-9176-AFF129ED504F}.Debug|Any CPU.Build.0 = Debug|Any CPU
		{549CBDF1-C0FB-403F-9176-AFF129ED504F}.Debug|arm64.ActiveCfg = Debug|Any CPU
		{549CBDF1-C0FB-403F-9176-AFF129ED504F}.Debug|arm64.Build.0 = Debug|Any CPU
		{549CBDF1-C0FB-403F-9176-AFF129ED504F}.Debug|x64.ActiveCfg = Debug|Any CPU
		{549CBDF1-C0FB-403F-9176-AFF129ED504F}.Debug|x64.Build.0 = Debug|Any CPU
		{549CBDF1-C0FB-403F-9176-AFF129ED504F}.Debug|x86.ActiveCfg = Debug|Any CPU
		{549CBDF1-C0FB-403F-9176-AFF129ED504F}.Debug|x86.Build.0 = Debug|Any CPU
		{549CBDF1-C0FB-403F-9176-AFF129ED504F}.Release|Any CPU.ActiveCfg = Release|Any CPU
		{549CBDF1-C0FB-403F-9176-AFF129ED504F}.Release|Any CPU.Build.0 = Release|Any CPU
		{549CBDF1-C0FB-403F-9176-AFF129ED504F}.Release|arm64.ActiveCfg = Release|Any CPU
		{549CBDF1-C0FB-403F-9176-AFF129ED504F}.Release|arm64.Build.0 = Release|Any CPU
		{549CBDF1-C0FB-403F-9176-AFF129ED504F}.Release|x64.ActiveCfg = Release|Any CPU
		{549CBDF1-C0FB-403F-9176-AFF129ED504F}.Release|x64.Build.0 = Release|Any CPU
		{549CBDF1-C0FB-403F-9176-AFF129ED504F}.Release|x86.ActiveCfg = Release|Any CPU
		{549CBDF1-C0FB-403F-9176-AFF129ED504F}.Release|x86.Build.0 = Release|Any CPU
		{8853ED25-278B-4AF6-AFFE-2A0F97345E50}.Debug|Any CPU.ActiveCfg = Debug|Any CPU
		{8853ED25-278B-4AF6-AFFE-2A0F97345E50}.Debug|Any CPU.Build.0 = Debug|Any CPU
		{8853ED25-278B-4AF6-AFFE-2A0F97345E50}.Debug|arm64.ActiveCfg = Debug|Any CPU
		{8853ED25-278B-4AF6-AFFE-2A0F97345E50}.Debug|arm64.Build.0 = Debug|Any CPU
		{8853ED25-278B-4AF6-AFFE-2A0F97345E50}.Debug|x64.ActiveCfg = Debug|Any CPU
		{8853ED25-278B-4AF6-AFFE-2A0F97345E50}.Debug|x64.Build.0 = Debug|Any CPU
		{8853ED25-278B-4AF6-AFFE-2A0F97345E50}.Debug|x86.ActiveCfg = Debug|Any CPU
		{8853ED25-278B-4AF6-AFFE-2A0F97345E50}.Debug|x86.Build.0 = Debug|Any CPU
		{8853ED25-278B-4AF6-AFFE-2A0F97345E50}.Release|Any CPU.ActiveCfg = Release|Any CPU
		{8853ED25-278B-4AF6-AFFE-2A0F97345E50}.Release|Any CPU.Build.0 = Release|Any CPU
		{8853ED25-278B-4AF6-AFFE-2A0F97345E50}.Release|arm64.ActiveCfg = Release|Any CPU
		{8853ED25-278B-4AF6-AFFE-2A0F97345E50}.Release|arm64.Build.0 = Release|Any CPU
		{8853ED25-278B-4AF6-AFFE-2A0F97345E50}.Release|x64.ActiveCfg = Release|Any CPU
		{8853ED25-278B-4AF6-AFFE-2A0F97345E50}.Release|x64.Build.0 = Release|Any CPU
		{8853ED25-278B-4AF6-AFFE-2A0F97345E50}.Release|x86.ActiveCfg = Release|Any CPU
		{8853ED25-278B-4AF6-AFFE-2A0F97345E50}.Release|x86.Build.0 = Release|Any CPU
		{4138B9D6-7752-4D69-B02F-EFBE62DF772A}.Debug|Any CPU.ActiveCfg = Debug|Any CPU
		{4138B9D6-7752-4D69-B02F-EFBE62DF772A}.Debug|Any CPU.Build.0 = Debug|Any CPU
		{4138B9D6-7752-4D69-B02F-EFBE62DF772A}.Debug|arm64.ActiveCfg = Debug|Any CPU
		{4138B9D6-7752-4D69-B02F-EFBE62DF772A}.Debug|arm64.Build.0 = Debug|Any CPU
		{4138B9D6-7752-4D69-B02F-EFBE62DF772A}.Debug|x64.ActiveCfg = Debug|Any CPU
		{4138B9D6-7752-4D69-B02F-EFBE62DF772A}.Debug|x64.Build.0 = Debug|Any CPU
		{4138B9D6-7752-4D69-B02F-EFBE62DF772A}.Debug|x86.ActiveCfg = Debug|Any CPU
		{4138B9D6-7752-4D69-B02F-EFBE62DF772A}.Debug|x86.Build.0 = Debug|Any CPU
		{4138B9D6-7752-4D69-B02F-EFBE62DF772A}.Release|Any CPU.ActiveCfg = Release|Any CPU
		{4138B9D6-7752-4D69-B02F-EFBE62DF772A}.Release|Any CPU.Build.0 = Release|Any CPU
		{4138B9D6-7752-4D69-B02F-EFBE62DF772A}.Release|arm64.ActiveCfg = Release|Any CPU
		{4138B9D6-7752-4D69-B02F-EFBE62DF772A}.Release|arm64.Build.0 = Release|Any CPU
		{4138B9D6-7752-4D69-B02F-EFBE62DF772A}.Release|x64.ActiveCfg = Release|Any CPU
		{4138B9D6-7752-4D69-B02F-EFBE62DF772A}.Release|x64.Build.0 = Release|Any CPU
		{4138B9D6-7752-4D69-B02F-EFBE62DF772A}.Release|x86.ActiveCfg = Release|Any CPU
		{4138B9D6-7752-4D69-B02F-EFBE62DF772A}.Release|x86.Build.0 = Release|Any CPU
		{6EBCDF70-67E1-4D24-BF04-F804E37F0684}.Debug|Any CPU.ActiveCfg = Debug|Any CPU
		{6EBCDF70-67E1-4D24-BF04-F804E37F0684}.Debug|Any CPU.Build.0 = Debug|Any CPU
		{6EBCDF70-67E1-4D24-BF04-F804E37F0684}.Debug|arm64.ActiveCfg = Debug|Any CPU
		{6EBCDF70-67E1-4D24-BF04-F804E37F0684}.Debug|arm64.Build.0 = Debug|Any CPU
		{6EBCDF70-67E1-4D24-BF04-F804E37F0684}.Debug|x64.ActiveCfg = Debug|Any CPU
		{6EBCDF70-67E1-4D24-BF04-F804E37F0684}.Debug|x64.Build.0 = Debug|Any CPU
		{6EBCDF70-67E1-4D24-BF04-F804E37F0684}.Debug|x86.ActiveCfg = Debug|Any CPU
		{6EBCDF70-67E1-4D24-BF04-F804E37F0684}.Debug|x86.Build.0 = Debug|Any CPU
		{6EBCDF70-67E1-4D24-BF04-F804E37F0684}.Release|Any CPU.ActiveCfg = Release|Any CPU
		{6EBCDF70-67E1-4D24-BF04-F804E37F0684}.Release|Any CPU.Build.0 = Release|Any CPU
		{6EBCDF70-67E1-4D24-BF04-F804E37F0684}.Release|arm64.ActiveCfg = Release|Any CPU
		{6EBCDF70-67E1-4D24-BF04-F804E37F0684}.Release|arm64.Build.0 = Release|Any CPU
		{6EBCDF70-67E1-4D24-BF04-F804E37F0684}.Release|x64.ActiveCfg = Release|Any CPU
		{6EBCDF70-67E1-4D24-BF04-F804E37F0684}.Release|x64.Build.0 = Release|Any CPU
		{6EBCDF70-67E1-4D24-BF04-F804E37F0684}.Release|x86.ActiveCfg = Release|Any CPU
		{6EBCDF70-67E1-4D24-BF04-F804E37F0684}.Release|x86.Build.0 = Release|Any CPU
		{1055CF76-6DBB-468A-91A3-6EB0EA4839EB}.Debug|Any CPU.ActiveCfg = Debug|Any CPU
		{1055CF76-6DBB-468A-91A3-6EB0EA4839EB}.Debug|Any CPU.Build.0 = Debug|Any CPU
		{1055CF76-6DBB-468A-91A3-6EB0EA4839EB}.Debug|arm64.ActiveCfg = Debug|Any CPU
		{1055CF76-6DBB-468A-91A3-6EB0EA4839EB}.Debug|arm64.Build.0 = Debug|Any CPU
		{1055CF76-6DBB-468A-91A3-6EB0EA4839EB}.Debug|x64.ActiveCfg = Debug|Any CPU
		{1055CF76-6DBB-468A-91A3-6EB0EA4839EB}.Debug|x64.Build.0 = Debug|Any CPU
		{1055CF76-6DBB-468A-91A3-6EB0EA4839EB}.Debug|x86.ActiveCfg = Debug|Any CPU
		{1055CF76-6DBB-468A-91A3-6EB0EA4839EB}.Debug|x86.Build.0 = Debug|Any CPU
		{1055CF76-6DBB-468A-91A3-6EB0EA4839EB}.Release|Any CPU.ActiveCfg = Release|Any CPU
		{1055CF76-6DBB-468A-91A3-6EB0EA4839EB}.Release|Any CPU.Build.0 = Release|Any CPU
		{1055CF76-6DBB-468A-91A3-6EB0EA4839EB}.Release|arm64.ActiveCfg = Release|Any CPU
		{1055CF76-6DBB-468A-91A3-6EB0EA4839EB}.Release|arm64.Build.0 = Release|Any CPU
		{1055CF76-6DBB-468A-91A3-6EB0EA4839EB}.Release|x64.ActiveCfg = Release|Any CPU
		{1055CF76-6DBB-468A-91A3-6EB0EA4839EB}.Release|x64.Build.0 = Release|Any CPU
		{1055CF76-6DBB-468A-91A3-6EB0EA4839EB}.Release|x86.ActiveCfg = Release|Any CPU
		{1055CF76-6DBB-468A-91A3-6EB0EA4839EB}.Release|x86.Build.0 = Release|Any CPU
		{F2BD3C80-4B84-45DD-B02C-8B4014D112E4}.Debug|Any CPU.ActiveCfg = Debug|Any CPU
		{F2BD3C80-4B84-45DD-B02C-8B4014D112E4}.Debug|Any CPU.Build.0 = Debug|Any CPU
		{F2BD3C80-4B84-45DD-B02C-8B4014D112E4}.Debug|arm64.ActiveCfg = Debug|Any CPU
		{F2BD3C80-4B84-45DD-B02C-8B4014D112E4}.Debug|arm64.Build.0 = Debug|Any CPU
		{F2BD3C80-4B84-45DD-B02C-8B4014D112E4}.Debug|x64.ActiveCfg = Debug|Any CPU
		{F2BD3C80-4B84-45DD-B02C-8B4014D112E4}.Debug|x64.Build.0 = Debug|Any CPU
		{F2BD3C80-4B84-45DD-B02C-8B4014D112E4}.Debug|x86.ActiveCfg = Debug|Any CPU
		{F2BD3C80-4B84-45DD-B02C-8B4014D112E4}.Debug|x86.Build.0 = Debug|Any CPU
		{F2BD3C80-4B84-45DD-B02C-8B4014D112E4}.Release|Any CPU.ActiveCfg = Release|Any CPU
		{F2BD3C80-4B84-45DD-B02C-8B4014D112E4}.Release|Any CPU.Build.0 = Release|Any CPU
		{F2BD3C80-4B84-45DD-B02C-8B4014D112E4}.Release|arm64.ActiveCfg = Release|Any CPU
		{F2BD3C80-4B84-45DD-B02C-8B4014D112E4}.Release|arm64.Build.0 = Release|Any CPU
		{F2BD3C80-4B84-45DD-B02C-8B4014D112E4}.Release|x64.ActiveCfg = Release|Any CPU
		{F2BD3C80-4B84-45DD-B02C-8B4014D112E4}.Release|x64.Build.0 = Release|Any CPU
		{F2BD3C80-4B84-45DD-B02C-8B4014D112E4}.Release|x86.ActiveCfg = Release|Any CPU
		{F2BD3C80-4B84-45DD-B02C-8B4014D112E4}.Release|x86.Build.0 = Release|Any CPU
		{EEE55E35-FD1E-4970-9C0A-0A2F04A9997D}.Debug|Any CPU.ActiveCfg = Debug|Any CPU
		{EEE55E35-FD1E-4970-9C0A-0A2F04A9997D}.Debug|Any CPU.Build.0 = Debug|Any CPU
		{EEE55E35-FD1E-4970-9C0A-0A2F04A9997D}.Debug|arm64.ActiveCfg = Debug|Any CPU
		{EEE55E35-FD1E-4970-9C0A-0A2F04A9997D}.Debug|arm64.Build.0 = Debug|Any CPU
		{EEE55E35-FD1E-4970-9C0A-0A2F04A9997D}.Debug|x64.ActiveCfg = Debug|Any CPU
		{EEE55E35-FD1E-4970-9C0A-0A2F04A9997D}.Debug|x64.Build.0 = Debug|Any CPU
		{EEE55E35-FD1E-4970-9C0A-0A2F04A9997D}.Debug|x86.ActiveCfg = Debug|Any CPU
		{EEE55E35-FD1E-4970-9C0A-0A2F04A9997D}.Debug|x86.Build.0 = Debug|Any CPU
		{EEE55E35-FD1E-4970-9C0A-0A2F04A9997D}.Release|Any CPU.ActiveCfg = Release|Any CPU
		{EEE55E35-FD1E-4970-9C0A-0A2F04A9997D}.Release|Any CPU.Build.0 = Release|Any CPU
		{EEE55E35-FD1E-4970-9C0A-0A2F04A9997D}.Release|arm64.ActiveCfg = Release|Any CPU
		{EEE55E35-FD1E-4970-9C0A-0A2F04A9997D}.Release|arm64.Build.0 = Release|Any CPU
		{EEE55E35-FD1E-4970-9C0A-0A2F04A9997D}.Release|x64.ActiveCfg = Release|Any CPU
		{EEE55E35-FD1E-4970-9C0A-0A2F04A9997D}.Release|x64.Build.0 = Release|Any CPU
		{EEE55E35-FD1E-4970-9C0A-0A2F04A9997D}.Release|x86.ActiveCfg = Release|Any CPU
		{EEE55E35-FD1E-4970-9C0A-0A2F04A9997D}.Release|x86.Build.0 = Release|Any CPU
		{1AFC50BD-017E-4D20-B912-2A05C96F38F9}.Debug|Any CPU.ActiveCfg = Debug|Any CPU
		{1AFC50BD-017E-4D20-B912-2A05C96F38F9}.Debug|Any CPU.Build.0 = Debug|Any CPU
		{1AFC50BD-017E-4D20-B912-2A05C96F38F9}.Debug|arm64.ActiveCfg = Debug|Any CPU
		{1AFC50BD-017E-4D20-B912-2A05C96F38F9}.Debug|arm64.Build.0 = Debug|Any CPU
		{1AFC50BD-017E-4D20-B912-2A05C96F38F9}.Debug|x64.ActiveCfg = Debug|Any CPU
		{1AFC50BD-017E-4D20-B912-2A05C96F38F9}.Debug|x64.Build.0 = Debug|Any CPU
		{1AFC50BD-017E-4D20-B912-2A05C96F38F9}.Debug|x86.ActiveCfg = Debug|Any CPU
		{1AFC50BD-017E-4D20-B912-2A05C96F38F9}.Debug|x86.Build.0 = Debug|Any CPU
		{1AFC50BD-017E-4D20-B912-2A05C96F38F9}.Release|Any CPU.ActiveCfg = Release|Any CPU
		{1AFC50BD-017E-4D20-B912-2A05C96F38F9}.Release|Any CPU.Build.0 = Release|Any CPU
		{1AFC50BD-017E-4D20-B912-2A05C96F38F9}.Release|arm64.ActiveCfg = Release|Any CPU
		{1AFC50BD-017E-4D20-B912-2A05C96F38F9}.Release|arm64.Build.0 = Release|Any CPU
		{1AFC50BD-017E-4D20-B912-2A05C96F38F9}.Release|x64.ActiveCfg = Release|Any CPU
		{1AFC50BD-017E-4D20-B912-2A05C96F38F9}.Release|x64.Build.0 = Release|Any CPU
		{1AFC50BD-017E-4D20-B912-2A05C96F38F9}.Release|x86.ActiveCfg = Release|Any CPU
		{1AFC50BD-017E-4D20-B912-2A05C96F38F9}.Release|x86.Build.0 = Release|Any CPU
		{F0F78B47-FADA-4EE0-9D94-FCD94F555166}.Debug|Any CPU.ActiveCfg = Debug|Any CPU
		{F0F78B47-FADA-4EE0-9D94-FCD94F555166}.Debug|Any CPU.Build.0 = Debug|Any CPU
		{F0F78B47-FADA-4EE0-9D94-FCD94F555166}.Debug|arm64.ActiveCfg = Debug|Any CPU
		{F0F78B47-FADA-4EE0-9D94-FCD94F555166}.Debug|arm64.Build.0 = Debug|Any CPU
		{F0F78B47-FADA-4EE0-9D94-FCD94F555166}.Debug|x64.ActiveCfg = Debug|Any CPU
		{F0F78B47-FADA-4EE0-9D94-FCD94F555166}.Debug|x64.Build.0 = Debug|Any CPU
		{F0F78B47-FADA-4EE0-9D94-FCD94F555166}.Debug|x86.ActiveCfg = Debug|Any CPU
		{F0F78B47-FADA-4EE0-9D94-FCD94F555166}.Debug|x86.Build.0 = Debug|Any CPU
		{F0F78B47-FADA-4EE0-9D94-FCD94F555166}.Release|Any CPU.ActiveCfg = Release|Any CPU
		{F0F78B47-FADA-4EE0-9D94-FCD94F555166}.Release|Any CPU.Build.0 = Release|Any CPU
		{F0F78B47-FADA-4EE0-9D94-FCD94F555166}.Release|arm64.ActiveCfg = Release|Any CPU
		{F0F78B47-FADA-4EE0-9D94-FCD94F555166}.Release|arm64.Build.0 = Release|Any CPU
		{F0F78B47-FADA-4EE0-9D94-FCD94F555166}.Release|x64.ActiveCfg = Release|Any CPU
		{F0F78B47-FADA-4EE0-9D94-FCD94F555166}.Release|x64.Build.0 = Release|Any CPU
		{F0F78B47-FADA-4EE0-9D94-FCD94F555166}.Release|x86.ActiveCfg = Release|Any CPU
		{F0F78B47-FADA-4EE0-9D94-FCD94F555166}.Release|x86.Build.0 = Release|Any CPU
		{CF40B351-77F1-43BB-B24E-C9C8D44D92AC}.Debug|Any CPU.ActiveCfg = Debug|Any CPU
		{CF40B351-77F1-43BB-B24E-C9C8D44D92AC}.Debug|Any CPU.Build.0 = Debug|Any CPU
		{CF40B351-77F1-43BB-B24E-C9C8D44D92AC}.Debug|arm64.ActiveCfg = Debug|Any CPU
		{CF40B351-77F1-43BB-B24E-C9C8D44D92AC}.Debug|arm64.Build.0 = Debug|Any CPU
		{CF40B351-77F1-43BB-B24E-C9C8D44D92AC}.Debug|x64.ActiveCfg = Debug|Any CPU
		{CF40B351-77F1-43BB-B24E-C9C8D44D92AC}.Debug|x64.Build.0 = Debug|Any CPU
		{CF40B351-77F1-43BB-B24E-C9C8D44D92AC}.Debug|x86.ActiveCfg = Debug|Any CPU
		{CF40B351-77F1-43BB-B24E-C9C8D44D92AC}.Debug|x86.Build.0 = Debug|Any CPU
		{CF40B351-77F1-43BB-B24E-C9C8D44D92AC}.Release|Any CPU.ActiveCfg = Release|Any CPU
		{CF40B351-77F1-43BB-B24E-C9C8D44D92AC}.Release|Any CPU.Build.0 = Release|Any CPU
		{CF40B351-77F1-43BB-B24E-C9C8D44D92AC}.Release|arm64.ActiveCfg = Release|Any CPU
		{CF40B351-77F1-43BB-B24E-C9C8D44D92AC}.Release|arm64.Build.0 = Release|Any CPU
		{CF40B351-77F1-43BB-B24E-C9C8D44D92AC}.Release|x64.ActiveCfg = Release|Any CPU
		{CF40B351-77F1-43BB-B24E-C9C8D44D92AC}.Release|x64.Build.0 = Release|Any CPU
		{CF40B351-77F1-43BB-B24E-C9C8D44D92AC}.Release|x86.ActiveCfg = Release|Any CPU
		{CF40B351-77F1-43BB-B24E-C9C8D44D92AC}.Release|x86.Build.0 = Release|Any CPU
		{E6899054-DEB7-4093-867D-9FE10F39134D}.Debug|Any CPU.ActiveCfg = Debug|Any CPU
		{E6899054-DEB7-4093-867D-9FE10F39134D}.Debug|Any CPU.Build.0 = Debug|Any CPU
		{E6899054-DEB7-4093-867D-9FE10F39134D}.Debug|arm64.ActiveCfg = Debug|Any CPU
		{E6899054-DEB7-4093-867D-9FE10F39134D}.Debug|arm64.Build.0 = Debug|Any CPU
		{E6899054-DEB7-4093-867D-9FE10F39134D}.Debug|x64.ActiveCfg = Debug|Any CPU
		{E6899054-DEB7-4093-867D-9FE10F39134D}.Debug|x64.Build.0 = Debug|Any CPU
		{E6899054-DEB7-4093-867D-9FE10F39134D}.Debug|x86.ActiveCfg = Debug|Any CPU
		{E6899054-DEB7-4093-867D-9FE10F39134D}.Debug|x86.Build.0 = Debug|Any CPU
		{E6899054-DEB7-4093-867D-9FE10F39134D}.Release|Any CPU.ActiveCfg = Release|Any CPU
		{E6899054-DEB7-4093-867D-9FE10F39134D}.Release|Any CPU.Build.0 = Release|Any CPU
		{E6899054-DEB7-4093-867D-9FE10F39134D}.Release|arm64.ActiveCfg = Release|Any CPU
		{E6899054-DEB7-4093-867D-9FE10F39134D}.Release|arm64.Build.0 = Release|Any CPU
		{E6899054-DEB7-4093-867D-9FE10F39134D}.Release|x64.ActiveCfg = Release|Any CPU
		{E6899054-DEB7-4093-867D-9FE10F39134D}.Release|x64.Build.0 = Release|Any CPU
		{E6899054-DEB7-4093-867D-9FE10F39134D}.Release|x86.ActiveCfg = Release|Any CPU
		{E6899054-DEB7-4093-867D-9FE10F39134D}.Release|x86.Build.0 = Release|Any CPU
		{C8DFDAF6-D9BF-455A-B88A-2FFCDB64E696}.Debug|Any CPU.ActiveCfg = Debug|Any CPU
		{C8DFDAF6-D9BF-455A-B88A-2FFCDB64E696}.Debug|Any CPU.Build.0 = Debug|Any CPU
		{C8DFDAF6-D9BF-455A-B88A-2FFCDB64E696}.Debug|arm64.ActiveCfg = Debug|Any CPU
		{C8DFDAF6-D9BF-455A-B88A-2FFCDB64E696}.Debug|arm64.Build.0 = Debug|Any CPU
		{C8DFDAF6-D9BF-455A-B88A-2FFCDB64E696}.Debug|x64.ActiveCfg = Debug|Any CPU
		{C8DFDAF6-D9BF-455A-B88A-2FFCDB64E696}.Debug|x64.Build.0 = Debug|Any CPU
		{C8DFDAF6-D9BF-455A-B88A-2FFCDB64E696}.Debug|x86.ActiveCfg = Debug|Any CPU
		{C8DFDAF6-D9BF-455A-B88A-2FFCDB64E696}.Debug|x86.Build.0 = Debug|Any CPU
		{C8DFDAF6-D9BF-455A-B88A-2FFCDB64E696}.Release|Any CPU.ActiveCfg = Release|Any CPU
		{C8DFDAF6-D9BF-455A-B88A-2FFCDB64E696}.Release|Any CPU.Build.0 = Release|Any CPU
		{C8DFDAF6-D9BF-455A-B88A-2FFCDB64E696}.Release|arm64.ActiveCfg = Release|Any CPU
		{C8DFDAF6-D9BF-455A-B88A-2FFCDB64E696}.Release|arm64.Build.0 = Release|Any CPU
		{C8DFDAF6-D9BF-455A-B88A-2FFCDB64E696}.Release|x64.ActiveCfg = Release|Any CPU
		{C8DFDAF6-D9BF-455A-B88A-2FFCDB64E696}.Release|x64.Build.0 = Release|Any CPU
		{C8DFDAF6-D9BF-455A-B88A-2FFCDB64E696}.Release|x86.ActiveCfg = Release|Any CPU
		{C8DFDAF6-D9BF-455A-B88A-2FFCDB64E696}.Release|x86.Build.0 = Release|Any CPU
		{6B84871F-F241-421C-838F-0C9FE10FD382}.Debug|Any CPU.ActiveCfg = Debug|Any CPU
		{6B84871F-F241-421C-838F-0C9FE10FD382}.Debug|Any CPU.Build.0 = Debug|Any CPU
		{6B84871F-F241-421C-838F-0C9FE10FD382}.Debug|arm64.ActiveCfg = Debug|Any CPU
		{6B84871F-F241-421C-838F-0C9FE10FD382}.Debug|arm64.Build.0 = Debug|Any CPU
		{6B84871F-F241-421C-838F-0C9FE10FD382}.Debug|x64.ActiveCfg = Debug|Any CPU
		{6B84871F-F241-421C-838F-0C9FE10FD382}.Debug|x64.Build.0 = Debug|Any CPU
		{6B84871F-F241-421C-838F-0C9FE10FD382}.Debug|x86.ActiveCfg = Debug|Any CPU
		{6B84871F-F241-421C-838F-0C9FE10FD382}.Debug|x86.Build.0 = Debug|Any CPU
		{6B84871F-F241-421C-838F-0C9FE10FD382}.Release|Any CPU.ActiveCfg = Release|Any CPU
		{6B84871F-F241-421C-838F-0C9FE10FD382}.Release|Any CPU.Build.0 = Release|Any CPU
		{6B84871F-F241-421C-838F-0C9FE10FD382}.Release|arm64.ActiveCfg = Release|Any CPU
		{6B84871F-F241-421C-838F-0C9FE10FD382}.Release|arm64.Build.0 = Release|Any CPU
		{6B84871F-F241-421C-838F-0C9FE10FD382}.Release|x64.ActiveCfg = Release|Any CPU
		{6B84871F-F241-421C-838F-0C9FE10FD382}.Release|x64.Build.0 = Release|Any CPU
		{6B84871F-F241-421C-838F-0C9FE10FD382}.Release|x86.ActiveCfg = Release|Any CPU
		{6B84871F-F241-421C-838F-0C9FE10FD382}.Release|x86.Build.0 = Release|Any CPU
		{8FCC109D-116C-4803-971A-5E02025B23BB}.Debug|Any CPU.ActiveCfg = Debug|Any CPU
		{8FCC109D-116C-4803-971A-5E02025B23BB}.Debug|Any CPU.Build.0 = Debug|Any CPU
		{8FCC109D-116C-4803-971A-5E02025B23BB}.Debug|arm64.ActiveCfg = Debug|Any CPU
		{8FCC109D-116C-4803-971A-5E02025B23BB}.Debug|arm64.Build.0 = Debug|Any CPU
		{8FCC109D-116C-4803-971A-5E02025B23BB}.Debug|x64.ActiveCfg = Debug|Any CPU
		{8FCC109D-116C-4803-971A-5E02025B23BB}.Debug|x64.Build.0 = Debug|Any CPU
		{8FCC109D-116C-4803-971A-5E02025B23BB}.Debug|x86.ActiveCfg = Debug|Any CPU
		{8FCC109D-116C-4803-971A-5E02025B23BB}.Debug|x86.Build.0 = Debug|Any CPU
		{8FCC109D-116C-4803-971A-5E02025B23BB}.Release|Any CPU.ActiveCfg = Release|Any CPU
		{8FCC109D-116C-4803-971A-5E02025B23BB}.Release|Any CPU.Build.0 = Release|Any CPU
		{8FCC109D-116C-4803-971A-5E02025B23BB}.Release|arm64.ActiveCfg = Release|Any CPU
		{8FCC109D-116C-4803-971A-5E02025B23BB}.Release|arm64.Build.0 = Release|Any CPU
		{8FCC109D-116C-4803-971A-5E02025B23BB}.Release|x64.ActiveCfg = Release|Any CPU
		{8FCC109D-116C-4803-971A-5E02025B23BB}.Release|x64.Build.0 = Release|Any CPU
		{8FCC109D-116C-4803-971A-5E02025B23BB}.Release|x86.ActiveCfg = Release|Any CPU
		{8FCC109D-116C-4803-971A-5E02025B23BB}.Release|x86.Build.0 = Release|Any CPU
		{AAD353B1-3EFA-4131-A9A5-BE62ACAD9CFF}.Debug|Any CPU.ActiveCfg = Debug|Any CPU
		{AAD353B1-3EFA-4131-A9A5-BE62ACAD9CFF}.Debug|Any CPU.Build.0 = Debug|Any CPU
		{AAD353B1-3EFA-4131-A9A5-BE62ACAD9CFF}.Debug|arm64.ActiveCfg = Debug|Any CPU
		{AAD353B1-3EFA-4131-A9A5-BE62ACAD9CFF}.Debug|arm64.Build.0 = Debug|Any CPU
		{AAD353B1-3EFA-4131-A9A5-BE62ACAD9CFF}.Debug|x64.ActiveCfg = Debug|Any CPU
		{AAD353B1-3EFA-4131-A9A5-BE62ACAD9CFF}.Debug|x64.Build.0 = Debug|Any CPU
		{AAD353B1-3EFA-4131-A9A5-BE62ACAD9CFF}.Debug|x86.ActiveCfg = Debug|Any CPU
		{AAD353B1-3EFA-4131-A9A5-BE62ACAD9CFF}.Debug|x86.Build.0 = Debug|Any CPU
		{AAD353B1-3EFA-4131-A9A5-BE62ACAD9CFF}.Release|Any CPU.ActiveCfg = Release|Any CPU
		{AAD353B1-3EFA-4131-A9A5-BE62ACAD9CFF}.Release|Any CPU.Build.0 = Release|Any CPU
		{AAD353B1-3EFA-4131-A9A5-BE62ACAD9CFF}.Release|arm64.ActiveCfg = Release|Any CPU
		{AAD353B1-3EFA-4131-A9A5-BE62ACAD9CFF}.Release|arm64.Build.0 = Release|Any CPU
		{AAD353B1-3EFA-4131-A9A5-BE62ACAD9CFF}.Release|x64.ActiveCfg = Release|Any CPU
		{AAD353B1-3EFA-4131-A9A5-BE62ACAD9CFF}.Release|x64.Build.0 = Release|Any CPU
		{AAD353B1-3EFA-4131-A9A5-BE62ACAD9CFF}.Release|x86.ActiveCfg = Release|Any CPU
		{AAD353B1-3EFA-4131-A9A5-BE62ACAD9CFF}.Release|x86.Build.0 = Release|Any CPU
	EndGlobalSection
	GlobalSection(SolutionProperties) = preSolution
		HideSolutionNode = FALSE
	EndGlobalSection
	GlobalSection(NestedProjects) = preSolution
		{81A8913B-7199-42F5-960F-2BCBC5868CC3} = {7C9A63D1-8660-4E1B-AA96-F9C0CD1FB3F3}
		{194077FC-29B2-436E-AF02-F1985334A1F8} = {7C9A63D1-8660-4E1B-AA96-F9C0CD1FB3F3}
		{3725F10D-C1A8-464C-BEB2-AE6AF4FA1383} = {7C9A63D1-8660-4E1B-AA96-F9C0CD1FB3F3}
		{549CBDF1-C0FB-403F-9176-AFF129ED504F} = {7C9A63D1-8660-4E1B-AA96-F9C0CD1FB3F3}
		{8853ED25-278B-4AF6-AFFE-2A0F97345E50} = {7C9A63D1-8660-4E1B-AA96-F9C0CD1FB3F3}
		{4138B9D6-7752-4D69-B02F-EFBE62DF772A} = {7C9A63D1-8660-4E1B-AA96-F9C0CD1FB3F3}
		{6EBCDF70-67E1-4D24-BF04-F804E37F0684} = {7C9A63D1-8660-4E1B-AA96-F9C0CD1FB3F3}
		{1055CF76-6DBB-468A-91A3-6EB0EA4839EB} = {9403E16B-0BB3-4D80-80E9-4C35CE483B80}
		{EEE55E35-FD1E-4970-9C0A-0A2F04A9997D} = {D8183253-E3D1-470D-80B7-5EA9E0129DB4}
		{1AFC50BD-017E-4D20-B912-2A05C96F38F9} = {D8183253-E3D1-470D-80B7-5EA9E0129DB4}
		{F0F78B47-FADA-4EE0-9D94-FCD94F555166} = {D8183253-E3D1-470D-80B7-5EA9E0129DB4}
		{6B84871F-F241-421C-838F-0C9FE10FD382} = {9403E16B-0BB3-4D80-80E9-4C35CE483B80}
		{8FCC109D-116C-4803-971A-5E02025B23BB} = {E94A7E73-7D87-4FB6-A818-B014CD127704}
		{AAD353B1-3EFA-4131-A9A5-BE62ACAD9CFF} = {E94A7E73-7D87-4FB6-A818-B014CD127704}
	EndGlobalSection
	GlobalSection(ExtensibilityGlobals) = postSolution
		SolutionGuid = {768F9C24-7FBD-4C9D-A779-A04B44622C3A}
	EndGlobalSection
EndGlobal
