Microsoft Visual Studio Solution File, Format Version 12.00
# Visual Studio Version 16
VisualStudioVersion = 16.0.31320.298
MinimumVisualStudioVersion = 10.0.40219.1
Project("{9A19103F-16F7-4668-BE54-9A1E7A4F7556}") = "MonoScene.Pipeline.GLTF", "..\Dependencies\MonoScene\src\MonoScene.Pipeline.GLTF\MonoScene.Pipeline.GLTF.csproj", "{81A8913B-7199-42F5-960F-2BCBC5868CC3}"
EndProject
Project("{2150E333-8FDC-42A3-9474-1A3956D46DE8}") = "MonoScene", "MonoScene", "{7C9A63D1-8660-4E1B-AA96-F9C0CD1FB3F3}"
EndProject
Project("{9A19103F-16F7-4668-BE54-9A1E7A4F7556}") = "MonoScene.Runtime.Model3D", "..\Dependencies\MonoScene\src\MonoScene.Runtime.Model3D\MonoScene.Runtime.Model3D.csproj", "{194077FC-29B2-436E-AF02-F1985334A1F8}"
EndProject
Project("{9A19103F-16F7-4668-BE54-9A1E7A4F7556}") = "MonoScene.Pipeline", "..\Dependencies\MonoScene\src\MonoScene.Pipeline\MonoScene.Pipeline.csproj", "{3725F10D-C1A8-464C-BEB2-AE6AF4FA1383}"
EndProject
Project("{9A19103F-16F7-4668-BE54-9A1E7A4F7556}") = "MonoScene.Runtime.Content", "..\Dependencies\MonoScene\src\MonoScene.Runtime.Content\MonoScene.Runtime.Content.csproj", "{549CBDF1-C0FB-403F-9176-AFF129ED504F}"
EndProject
Project("{9A19103F-16F7-4668-BE54-9A1E7A4F7556}") = "MonoScene.Runtime.Effects.PBR", "..\Dependencies\MonoScene\src\MonoScene.Runtime.Effects.PBR\MonoScene.Runtime.Effects.PBR.csproj", "{8853ED25-278B-4AF6-AFFE-2A0F97345E50}"
EndProject
Project("{9A19103F-16F7-4668-BE54-9A1E7A4F7556}") = "MonoScene.Runtime.Effects.Classic", "..\Dependencies\MonoScene\src\MonoScene.Runtime.Effects.Classic\MonoScene.Runtime.Effects.Classic.csproj", "{4138B9D6-7752-4D69-B02F-EFBE62DF772A}"
EndProject
Project("{9A19103F-16F7-4668-BE54-9A1E7A4F7556}") = "MonoScene.Runtime.Scene3D", "..\Dependencies\MonoScene\src\MonoScene.Runtime.Scene3D\MonoScene.Runtime.Scene3D.csproj", "{6EBCDF70-67E1-4D24-BF04-F804E37F0684}"
EndProject
Project("{9A19103F-16F7-4668-BE54-9A1E7A4F7556}") = "SunriseLauncher", "Sunrise\SunriseLauncher.csproj", "{1055CF76-6DBB-468A-91A3-6EB0EA4839EB}"
EndProject
Project("{9A19103F-16F7-4668-BE54-9A1E7A4F7556}") = "Slate.Client", "Slate.Client\Slate.Client.csproj", "{F2BD3C80-4B84-45DD-B02C-8B4014D112E4}"
	ProjectSection(Project..\Dependencies) = postProject
		{CF40B351-77F1-43BB-B24E-C9C8D44D92AC} = {CF40B351-77F1-43BB-B24E-C9C8D44D92AC}
	EndProjectSection
EndProject
Project("{2150E333-8FDC-42A3-9474-1A3956D46DE8}") = "Shared", "Shared", "{E94A7E73-7D87-4FB6-A818-B014CD127704}"
EndProject
Project("{2150E333-8FDC-42A3-9474-1A3956D46DE8}") = "Tools", "Tools", "{9403E16B-0BB3-4D80-80E9-4C35CE483B80}"
EndProject
Project("{9A19103F-16F7-4668-BE54-9A1E7A4F7556}") = "BinaryVibrance.INPCSourceGenerator", "..\Tools\BinaryVibrance.NotifyPropertyChangedSourceGenerator\BinaryVibrance.INPCSourceGenerator.csproj", "{6B84871F-F241-421C-838F-0C9FE10FD382}"
EndProject
Project("{9A19103F-16F7-4668-BE54-9A1E7A4F7556}") = "Slate.Networking.External.Protocol", "..\Shared\Slate.Networking.External.Protocol\Slate.Networking.External.Protocol.csproj", "{8FCC109D-116C-4803-971A-5E02025B23BB}"
EndProject
Project("{9A19103F-16F7-4668-BE54-9A1E7A4F7556}") = "Slate.Networking.Shared.Protocol", "..\Shared\Slate.Networking.Shared.Protocol\Slate.Networking.Shared.Protocol.csproj", "{AAD353B1-3EFA-4131-A9A5-BE62ACAD9CFF}"
EndProject
Project("{2150E333-8FDC-42A3-9474-1A3956D46DE8}") = "Dependencies", "Dependencies", "{CC9AF7D0-978D-49B0-A32B-5312616ECC4C}"
EndProject
Project("{9A19103F-16F7-4668-BE54-9A1E7A4F7556}") = "MLEM.Ui", "..\Dependencies\MLEM\MLEM.Ui\MLEM.Ui.csproj", "{74906A2A-332E-48C2-9C71-8AC40815589C}"
EndProject
Project("{9A19103F-16F7-4668-BE54-9A1E7A4F7556}") = "MLEM", "..\Dependencies\MLEM\MLEM\MLEM.csproj", "{513C3033-5A3B-4106-993A-7A5BCC2D9E77}"
EndProject
Project("{2150E333-8FDC-42A3-9474-1A3956D46DE8}") = "MLEM", "MLEM", "{63B0CFC3-D6D3-4F4B-B73C-740A4BE22DB1}"
EndProject
Project("{9A19103F-16F7-4668-BE54-9A1E7A4F7556}") = "BinaryVibrance.MLEM.Binding", "..\Tools\BinaryVibrance.MLEM.Binding\BinaryVibrance.MLEM.Binding.csproj", "{B1EEA619-3361-4D8A-A1C9-C950FD2890AC}"
EndProject
Project("{9A19103F-16F7-4668-BE54-9A1E7A4F7556}") = "Slate.Client.ViewModel", "Slate.Client.ViewModel\Slate.Client.ViewModel.csproj", "{5E6E7046-78E7-4A43-BE1F-0734F696C11E}"
EndProject
Project("{9A19103F-16F7-4668-BE54-9A1E7A4F7556}") = "Slate.Client.MVVM", "Slate.Client.MVVM\Slate.Client.MVVM.csproj", "{EFBC752D-62A6-4D2F-84C3-0EE094D3BD05}"
EndProject
Project("{9A19103F-16F7-4668-BE54-9A1E7A4F7556}") = "CastIron.Engine", "CastIron.Engine\CastIron.Engine\CastIron.Engine.csproj", "{F46D1EC3-3BC6-40E4-855C-A64999437776}"
EndProject
Project("{9A19103F-16F7-4668-BE54-9A1E7A4F7556}") = "CastIron.Engine.Graphics.3D", "CastIron.Engine\CastIron.Engine.Graphics.3D\CastIron.Engine.Graphics.3D.csproj", "{30B628AF-9BFC-4605-9496-507BC5080606}"
EndProject
Project("{9A19103F-16F7-4668-BE54-9A1E7A4F7556}") = "CastIron.Engine.Debugging", "CastIron.Engine\CastIron.Engine.Debugging\CastIron.Engine.Debugging.csproj", "{61798513-E52C-4EB7-B997-149E187B63DF}"
EndProject
Project("{9A19103F-16F7-4668-BE54-9A1E7A4F7556}") = "CastIron.Engine.Input", "CastIron.Engine\CastIron.Engine.Input\CastIron.Engine.Input.csproj", "{B79C7172-351F-4ECE-AB7F-B5D20861B1A0}"
EndProject
Project("{2150E333-8FDC-42A3-9474-1A3956D46DE8}") = "Engine", "Engine", "{412B5DAB-26A1-4207-AB8D-EE8FC3EBC0CD}"
EndProject
Project("{9A19103F-16F7-4668-BE54-9A1E7A4F7556}") = "Myra.MonoGame", "..\Dependencies\Myra\src\Myra\Myra.MonoGame.csproj", "{DE9A00CD-4944-4333-8CBA-81F71D669618}"
EndProject
Project("{9A19103F-16F7-4668-BE54-9A1E7A4F7556}") = "Slate.Events.InMemory", "..\Shared\Slate.EventAggregator\Slate.Events.InMemory.csproj", "{E2A8B4DF-9D89-419E-ADBA-6C4BAB6A215F}"
EndProject
Global
	GlobalSection(SolutionConfigurationPlatforms) = preSolution
		Debug|Any CPU = Debug|Any CPU
		Debug|arm64 = Debug|arm64
		Debug|x64 = Debug|x64
		Debug|x86 = Debug|x86
		Release|Any CPU = Release|Any CPU
		Release|arm64 = Release|arm64
		Release|x64 = Release|x64
		Release|x86 = Release|x86
	EndGlobalSection
	GlobalSection(ProjectConfigurationPlatforms) = postSolution
		{81A8913B-7199-42F5-960F-2BCBC5868CC3}.Debug|Any CPU.ActiveCfg = Debug|Any CPU
		{81A8913B-7199-42F5-960F-2BCBC5868CC3}.Debug|Any CPU.Build.0 = Debug|Any CPU
		{81A8913B-7199-42F5-960F-2BCBC5868CC3}.Debug|arm64.ActiveCfg = Debug|Any CPU
		{81A8913B-7199-42F5-960F-2BCBC5868CC3}.Debug|arm64.Build.0 = Debug|Any CPU
		{81A8913B-7199-42F5-960F-2BCBC5868CC3}.Debug|x64.ActiveCfg = Debug|Any CPU
		{81A8913B-7199-42F5-960F-2BCBC5868CC3}.Debug|x64.Build.0 = Debug|Any CPU
		{81A8913B-7199-42F5-960F-2BCBC5868CC3}.Debug|x86.ActiveCfg = Debug|Any CPU
		{81A8913B-7199-42F5-960F-2BCBC5868CC3}.Debug|x86.Build.0 = Debug|Any CPU
		{81A8913B-7199-42F5-960F-2BCBC5868CC3}.Release|Any CPU.ActiveCfg = Release|Any CPU
		{81A8913B-7199-42F5-960F-2BCBC5868CC3}.Release|Any CPU.Build.0 = Release|Any CPU
		{81A8913B-7199-42F5-960F-2BCBC5868CC3}.Release|arm64.ActiveCfg = Release|Any CPU
		{81A8913B-7199-42F5-960F-2BCBC5868CC3}.Release|arm64.Build.0 = Release|Any CPU
		{81A8913B-7199-42F5-960F-2BCBC5868CC3}.Release|x64.ActiveCfg = Release|Any CPU
		{81A8913B-7199-42F5-960F-2BCBC5868CC3}.Release|x64.Build.0 = Release|Any CPU
		{81A8913B-7199-42F5-960F-2BCBC5868CC3}.Release|x86.ActiveCfg = Release|Any CPU
		{81A8913B-7199-42F5-960F-2BCBC5868CC3}.Release|x86.Build.0 = Release|Any CPU
		{194077FC-29B2-436E-AF02-F1985334A1F8}.Debug|Any CPU.ActiveCfg = Debug|Any CPU
		{194077FC-29B2-436E-AF02-F1985334A1F8}.Debug|Any CPU.Build.0 = Debug|Any CPU
		{194077FC-29B2-436E-AF02-F1985334A1F8}.Debug|arm64.ActiveCfg = Debug|Any CPU
		{194077FC-29B2-436E-AF02-F1985334A1F8}.Debug|arm64.Build.0 = Debug|Any CPU
		{194077FC-29B2-436E-AF02-F1985334A1F8}.Debug|x64.ActiveCfg = Debug|Any CPU
		{194077FC-29B2-436E-AF02-F1985334A1F8}.Debug|x64.Build.0 = Debug|Any CPU
		{194077FC-29B2-436E-AF02-F1985334A1F8}.Debug|x86.ActiveCfg = Debug|Any CPU
		{194077FC-29B2-436E-AF02-F1985334A1F8}.Debug|x86.Build.0 = Debug|Any CPU
		{194077FC-29B2-436E-AF02-F1985334A1F8}.Release|Any CPU.ActiveCfg = Release|Any CPU
		{194077FC-29B2-436E-AF02-F1985334A1F8}.Release|Any CPU.Build.0 = Release|Any CPU
		{194077FC-29B2-436E-AF02-F1985334A1F8}.Release|arm64.ActiveCfg = Release|Any CPU
		{194077FC-29B2-436E-AF02-F1985334A1F8}.Release|arm64.Build.0 = Release|Any CPU
		{194077FC-29B2-436E-AF02-F1985334A1F8}.Release|x64.ActiveCfg = Release|Any CPU
		{194077FC-29B2-436E-AF02-F1985334A1F8}.Release|x64.Build.0 = Release|Any CPU
		{194077FC-29B2-436E-AF02-F1985334A1F8}.Release|x86.ActiveCfg = Release|Any CPU
		{194077FC-29B2-436E-AF02-F1985334A1F8}.Release|x86.Build.0 = Release|Any CPU
		{3725F10D-C1A8-464C-BEB2-AE6AF4FA1383}.Debug|Any CPU.ActiveCfg = Debug|Any CPU
		{3725F10D-C1A8-464C-BEB2-AE6AF4FA1383}.Debug|Any CPU.Build.0 = Debug|Any CPU
		{3725F10D-C1A8-464C-BEB2-AE6AF4FA1383}.Debug|arm64.ActiveCfg = Debug|Any CPU
		{3725F10D-C1A8-464C-BEB2-AE6AF4FA1383}.Debug|arm64.Build.0 = Debug|Any CPU
		{3725F10D-C1A8-464C-BEB2-AE6AF4FA1383}.Debug|x64.ActiveCfg = Debug|Any CPU
		{3725F10D-C1A8-464C-BEB2-AE6AF4FA1383}.Debug|x64.Build.0 = Debug|Any CPU
		{3725F10D-C1A8-464C-BEB2-AE6AF4FA1383}.Debug|x86.ActiveCfg = Debug|Any CPU
		{3725F10D-C1A8-464C-BEB2-AE6AF4FA1383}.Debug|x86.Build.0 = Debug|Any CPU
		{3725F10D-C1A8-464C-BEB2-AE6AF4FA1383}.Release|Any CPU.ActiveCfg = Release|Any CPU
		{3725F10D-C1A8-464C-BEB2-AE6AF4FA1383}.Release|Any CPU.Build.0 = Release|Any CPU
		{3725F10D-C1A8-464C-BEB2-AE6AF4FA1383}.Release|arm64.ActiveCfg = Release|Any CPU
		{3725F10D-C1A8-464C-BEB2-AE6AF4FA1383}.Release|arm64.Build.0 = Release|Any CPU
		{3725F10D-C1A8-464C-BEB2-AE6AF4FA1383}.Release|x64.ActiveCfg = Release|Any CPU
		{3725F10D-C1A8-464C-BEB2-AE6AF4FA1383}.Release|x64.Build.0 = Release|Any CPU
		{3725F10D-C1A8-464C-BEB2-AE6AF4FA1383}.Release|x86.ActiveCfg = Release|Any CPU
		{3725F10D-C1A8-464C-BEB2-AE6AF4FA1383}.Release|x86.Build.0 = Release|Any CPU
		{549CBDF1-C0FB-403F-9176-AFF129ED504F}.Debug|Any CPU.ActiveCfg = Debug|Any CPU
		{549CBDF1-C0FB-403F-9176-AFF129ED504F}.Debug|Any CPU.Build.0 = Debug|Any CPU
		{549CBDF1-C0FB-403F-9176-AFF129ED504F}.Debug|arm64.ActiveCfg = Debug|Any CPU
		{549CBDF1-C0FB-403F-9176-AFF129ED504F}.Debug|arm64.Build.0 = Debug|Any CPU
		{549CBDF1-C0FB-403F-9176-AFF129ED504F}.Debug|x64.ActiveCfg = Debug|Any CPU
		{549CBDF1-C0FB-403F-9176-AFF129ED504F}.Debug|x64.Build.0 = Debug|Any CPU
		{549CBDF1-C0FB-403F-9176-AFF129ED504F}.Debug|x86.ActiveCfg = Debug|Any CPU
		{549CBDF1-C0FB-403F-9176-AFF129ED504F}.Debug|x86.Build.0 = Debug|Any CPU
		{549CBDF1-C0FB-403F-9176-AFF129ED504F}.Release|Any CPU.ActiveCfg = Release|Any CPU
		{549CBDF1-C0FB-403F-9176-AFF129ED504F}.Release|Any CPU.Build.0 = Release|Any CPU
		{549CBDF1-C0FB-403F-9176-AFF129ED504F}.Release|arm64.ActiveCfg = Release|Any CPU
		{549CBDF1-C0FB-403F-9176-AFF129ED504F}.Release|arm64.Build.0 = Release|Any CPU
		{549CBDF1-C0FB-403F-9176-AFF129ED504F}.Release|x64.ActiveCfg = Release|Any CPU
		{549CBDF1-C0FB-403F-9176-AFF129ED504F}.Release|x64.Build.0 = Release|Any CPU
		{549CBDF1-C0FB-403F-9176-AFF129ED504F}.Release|x86.ActiveCfg = Release|Any CPU
		{549CBDF1-C0FB-403F-9176-AFF129ED504F}.Release|x86.Build.0 = Release|Any CPU
		{8853ED25-278B-4AF6-AFFE-2A0F97345E50}.Debug|Any CPU.ActiveCfg = Debug|Any CPU
		{8853ED25-278B-4AF6-AFFE-2A0F97345E50}.Debug|Any CPU.Build.0 = Debug|Any CPU
		{8853ED25-278B-4AF6-AFFE-2A0F97345E50}.Debug|arm64.ActiveCfg = Debug|Any CPU
		{8853ED25-278B-4AF6-AFFE-2A0F97345E50}.Debug|arm64.Build.0 = Debug|Any CPU
		{8853ED25-278B-4AF6-AFFE-2A0F97345E50}.Debug|x64.ActiveCfg = Debug|Any CPU
		{8853ED25-278B-4AF6-AFFE-2A0F97345E50}.Debug|x64.Build.0 = Debug|Any CPU
		{8853ED25-278B-4AF6-AFFE-2A0F97345E50}.Debug|x86.ActiveCfg = Debug|Any CPU
		{8853ED25-278B-4AF6-AFFE-2A0F97345E50}.Debug|x86.Build.0 = Debug|Any CPU
		{8853ED25-278B-4AF6-AFFE-2A0F97345E50}.Release|Any CPU.ActiveCfg = Release|Any CPU
		{8853ED25-278B-4AF6-AFFE-2A0F97345E50}.Release|Any CPU.Build.0 = Release|Any CPU
		{8853ED25-278B-4AF6-AFFE-2A0F97345E50}.Release|arm64.ActiveCfg = Release|Any CPU
		{8853ED25-278B-4AF6-AFFE-2A0F97345E50}.Release|arm64.Build.0 = Release|Any CPU
		{8853ED25-278B-4AF6-AFFE-2A0F97345E50}.Release|x64.ActiveCfg = Release|Any CPU
		{8853ED25-278B-4AF6-AFFE-2A0F97345E50}.Release|x64.Build.0 = Release|Any CPU
		{8853ED25-278B-4AF6-AFFE-2A0F97345E50}.Release|x86.ActiveCfg = Release|Any CPU
		{8853ED25-278B-4AF6-AFFE-2A0F97345E50}.Release|x86.Build.0 = Release|Any CPU
		{4138B9D6-7752-4D69-B02F-EFBE62DF772A}.Debug|Any CPU.ActiveCfg = Debug|Any CPU
		{4138B9D6-7752-4D69-B02F-EFBE62DF772A}.Debug|Any CPU.Build.0 = Debug|Any CPU
		{4138B9D6-7752-4D69-B02F-EFBE62DF772A}.Debug|arm64.ActiveCfg = Debug|Any CPU
		{4138B9D6-7752-4D69-B02F-EFBE62DF772A}.Debug|arm64.Build.0 = Debug|Any CPU
		{4138B9D6-7752-4D69-B02F-EFBE62DF772A}.Debug|x64.ActiveCfg = Debug|Any CPU
		{4138B9D6-7752-4D69-B02F-EFBE62DF772A}.Debug|x64.Build.0 = Debug|Any CPU
		{4138B9D6-7752-4D69-B02F-EFBE62DF772A}.Debug|x86.ActiveCfg = Debug|Any CPU
		{4138B9D6-7752-4D69-B02F-EFBE62DF772A}.Debug|x86.Build.0 = Debug|Any CPU
		{4138B9D6-7752-4D69-B02F-EFBE62DF772A}.Release|Any CPU.ActiveCfg = Release|Any CPU
		{4138B9D6-7752-4D69-B02F-EFBE62DF772A}.Release|Any CPU.Build.0 = Release|Any CPU
		{4138B9D6-7752-4D69-B02F-EFBE62DF772A}.Release|arm64.ActiveCfg = Release|Any CPU
		{4138B9D6-7752-4D69-B02F-EFBE62DF772A}.Release|arm64.Build.0 = Release|Any CPU
		{4138B9D6-7752-4D69-B02F-EFBE62DF772A}.Release|x64.ActiveCfg = Release|Any CPU
		{4138B9D6-7752-4D69-B02F-EFBE62DF772A}.Release|x64.Build.0 = Release|Any CPU
		{4138B9D6-7752-4D69-B02F-EFBE62DF772A}.Release|x86.ActiveCfg = Release|Any CPU
		{4138B9D6-7752-4D69-B02F-EFBE62DF772A}.Release|x86.Build.0 = Release|Any CPU
		{6EBCDF70-67E1-4D24-BF04-F804E37F0684}.Debug|Any CPU.ActiveCfg = Debug|Any CPU
		{6EBCDF70-67E1-4D24-BF04-F804E37F0684}.Debug|Any CPU.Build.0 = Debug|Any CPU
		{6EBCDF70-67E1-4D24-BF04-F804E37F0684}.Debug|arm64.ActiveCfg = Debug|Any CPU
		{6EBCDF70-67E1-4D24-BF04-F804E37F0684}.Debug|arm64.Build.0 = Debug|Any CPU
		{6EBCDF70-67E1-4D24-BF04-F804E37F0684}.Debug|x64.ActiveCfg = Debug|Any CPU
		{6EBCDF70-67E1-4D24-BF04-F804E37F0684}.Debug|x64.Build.0 = Debug|Any CPU
		{6EBCDF70-67E1-4D24-BF04-F804E37F0684}.Debug|x86.ActiveCfg = Debug|Any CPU
		{6EBCDF70-67E1-4D24-BF04-F804E37F0684}.Debug|x86.Build.0 = Debug|Any CPU
		{6EBCDF70-67E1-4D24-BF04-F804E37F0684}.Release|Any CPU.ActiveCfg = Release|Any CPU
		{6EBCDF70-67E1-4D24-BF04-F804E37F0684}.Release|Any CPU.Build.0 = Release|Any CPU
		{6EBCDF70-67E1-4D24-BF04-F804E37F0684}.Release|arm64.ActiveCfg = Release|Any CPU
		{6EBCDF70-67E1-4D24-BF04-F804E37F0684}.Release|arm64.Build.0 = Release|Any CPU
		{6EBCDF70-67E1-4D24-BF04-F804E37F0684}.Release|x64.ActiveCfg = Release|Any CPU
		{6EBCDF70-67E1-4D24-BF04-F804E37F0684}.Release|x64.Build.0 = Release|Any CPU
		{6EBCDF70-67E1-4D24-BF04-F804E37F0684}.Release|x86.ActiveCfg = Release|Any CPU
		{6EBCDF70-67E1-4D24-BF04-F804E37F0684}.Release|x86.Build.0 = Release|Any CPU
		{1055CF76-6DBB-468A-91A3-6EB0EA4839EB}.Debug|Any CPU.ActiveCfg = Debug|Any CPU
		{1055CF76-6DBB-468A-91A3-6EB0EA4839EB}.Debug|Any CPU.Build.0 = Debug|Any CPU
		{1055CF76-6DBB-468A-91A3-6EB0EA4839EB}.Debug|arm64.ActiveCfg = Debug|Any CPU
		{1055CF76-6DBB-468A-91A3-6EB0EA4839EB}.Debug|arm64.Build.0 = Debug|Any CPU
		{1055CF76-6DBB-468A-91A3-6EB0EA4839EB}.Debug|x64.ActiveCfg = Debug|Any CPU
		{1055CF76-6DBB-468A-91A3-6EB0EA4839EB}.Debug|x64.Build.0 = Debug|Any CPU
		{1055CF76-6DBB-468A-91A3-6EB0EA4839EB}.Debug|x86.ActiveCfg = Debug|Any CPU
		{1055CF76-6DBB-468A-91A3-6EB0EA4839EB}.Debug|x86.Build.0 = Debug|Any CPU
		{1055CF76-6DBB-468A-91A3-6EB0EA4839EB}.Release|Any CPU.ActiveCfg = Release|Any CPU
		{1055CF76-6DBB-468A-91A3-6EB0EA4839EB}.Release|Any CPU.Build.0 = Release|Any CPU
		{1055CF76-6DBB-468A-91A3-6EB0EA4839EB}.Release|arm64.ActiveCfg = Release|Any CPU
		{1055CF76-6DBB-468A-91A3-6EB0EA4839EB}.Release|arm64.Build.0 = Release|Any CPU
		{1055CF76-6DBB-468A-91A3-6EB0EA4839EB}.Release|x64.ActiveCfg = Release|Any CPU
		{1055CF76-6DBB-468A-91A3-6EB0EA4839EB}.Release|x64.Build.0 = Release|Any CPU
		{1055CF76-6DBB-468A-91A3-6EB0EA4839EB}.Release|x86.ActiveCfg = Release|Any CPU
		{1055CF76-6DBB-468A-91A3-6EB0EA4839EB}.Release|x86.Build.0 = Release|Any CPU
		{F2BD3C80-4B84-45DD-B02C-8B4014D112E4}.Debug|Any CPU.ActiveCfg = Debug|Any CPU
		{F2BD3C80-4B84-45DD-B02C-8B4014D112E4}.Debug|Any CPU.Build.0 = Debug|Any CPU
		{F2BD3C80-4B84-45DD-B02C-8B4014D112E4}.Debug|arm64.ActiveCfg = Debug|Any CPU
		{F2BD3C80-4B84-45DD-B02C-8B4014D112E4}.Debug|arm64.Build.0 = Debug|Any CPU
		{F2BD3C80-4B84-45DD-B02C-8B4014D112E4}.Debug|x64.ActiveCfg = Debug|Any CPU
		{F2BD3C80-4B84-45DD-B02C-8B4014D112E4}.Debug|x64.Build.0 = Debug|Any CPU
		{F2BD3C80-4B84-45DD-B02C-8B4014D112E4}.Debug|x86.ActiveCfg = Debug|Any CPU
		{F2BD3C80-4B84-45DD-B02C-8B4014D112E4}.Debug|x86.Build.0 = Debug|Any CPU
		{F2BD3C80-4B84-45DD-B02C-8B4014D112E4}.Release|Any CPU.ActiveCfg = Release|Any CPU
		{F2BD3C80-4B84-45DD-B02C-8B4014D112E4}.Release|Any CPU.Build.0 = Release|Any CPU
		{F2BD3C80-4B84-45DD-B02C-8B4014D112E4}.Release|arm64.ActiveCfg = Release|Any CPU
		{F2BD3C80-4B84-45DD-B02C-8B4014D112E4}.Release|arm64.Build.0 = Release|Any CPU
		{F2BD3C80-4B84-45DD-B02C-8B4014D112E4}.Release|x64.ActiveCfg = Release|Any CPU
		{F2BD3C80-4B84-45DD-B02C-8B4014D112E4}.Release|x64.Build.0 = Release|Any CPU
		{F2BD3C80-4B84-45DD-B02C-8B4014D112E4}.Release|x86.ActiveCfg = Release|Any CPU
		{F2BD3C80-4B84-45DD-B02C-8B4014D112E4}.Release|x86.Build.0 = Release|Any CPU
		{6B84871F-F241-421C-838F-0C9FE10FD382}.Debug|Any CPU.ActiveCfg = Debug|Any CPU
		{6B84871F-F241-421C-838F-0C9FE10FD382}.Debug|Any CPU.Build.0 = Debug|Any CPU
		{6B84871F-F241-421C-838F-0C9FE10FD382}.Debug|arm64.ActiveCfg = Debug|Any CPU
		{6B84871F-F241-421C-838F-0C9FE10FD382}.Debug|arm64.Build.0 = Debug|Any CPU
		{6B84871F-F241-421C-838F-0C9FE10FD382}.Debug|x64.ActiveCfg = Debug|Any CPU
		{6B84871F-F241-421C-838F-0C9FE10FD382}.Debug|x64.Build.0 = Debug|Any CPU
		{6B84871F-F241-421C-838F-0C9FE10FD382}.Debug|x86.ActiveCfg = Debug|Any CPU
		{6B84871F-F241-421C-838F-0C9FE10FD382}.Debug|x86.Build.0 = Debug|Any CPU
		{6B84871F-F241-421C-838F-0C9FE10FD382}.Release|Any CPU.ActiveCfg = Release|Any CPU
		{6B84871F-F241-421C-838F-0C9FE10FD382}.Release|Any CPU.Build.0 = Release|Any CPU
		{6B84871F-F241-421C-838F-0C9FE10FD382}.Release|arm64.ActiveCfg = Release|Any CPU
		{6B84871F-F241-421C-838F-0C9FE10FD382}.Release|arm64.Build.0 = Release|Any CPU
		{6B84871F-F241-421C-838F-0C9FE10FD382}.Release|x64.ActiveCfg = Release|Any CPU
		{6B84871F-F241-421C-838F-0C9FE10FD382}.Release|x64.Build.0 = Release|Any CPU
		{6B84871F-F241-421C-838F-0C9FE10FD382}.Release|x86.ActiveCfg = Release|Any CPU
		{6B84871F-F241-421C-838F-0C9FE10FD382}.Release|x86.Build.0 = Release|Any CPU
		{8FCC109D-116C-4803-971A-5E02025B23BB}.Debug|Any CPU.ActiveCfg = Debug|Any CPU
		{8FCC109D-116C-4803-971A-5E02025B23BB}.Debug|Any CPU.Build.0 = Debug|Any CPU
		{8FCC109D-116C-4803-971A-5E02025B23BB}.Debug|arm64.ActiveCfg = Debug|Any CPU
		{8FCC109D-116C-4803-971A-5E02025B23BB}.Debug|arm64.Build.0 = Debug|Any CPU
		{8FCC109D-116C-4803-971A-5E02025B23BB}.Debug|x64.ActiveCfg = Debug|Any CPU
		{8FCC109D-116C-4803-971A-5E02025B23BB}.Debug|x64.Build.0 = Debug|Any CPU
		{8FCC109D-116C-4803-971A-5E02025B23BB}.Debug|x86.ActiveCfg = Debug|Any CPU
		{8FCC109D-116C-4803-971A-5E02025B23BB}.Debug|x86.Build.0 = Debug|Any CPU
		{8FCC109D-116C-4803-971A-5E02025B23BB}.Release|Any CPU.ActiveCfg = Release|Any CPU
		{8FCC109D-116C-4803-971A-5E02025B23BB}.Release|Any CPU.Build.0 = Release|Any CPU
		{8FCC109D-116C-4803-971A-5E02025B23BB}.Release|arm64.ActiveCfg = Release|Any CPU
		{8FCC109D-116C-4803-971A-5E02025B23BB}.Release|arm64.Build.0 = Release|Any CPU
		{8FCC109D-116C-4803-971A-5E02025B23BB}.Release|x64.ActiveCfg = Release|Any CPU
		{8FCC109D-116C-4803-971A-5E02025B23BB}.Release|x64.Build.0 = Release|Any CPU
		{8FCC109D-116C-4803-971A-5E02025B23BB}.Release|x86.ActiveCfg = Release|Any CPU
		{8FCC109D-116C-4803-971A-5E02025B23BB}.Release|x86.Build.0 = Release|Any CPU
		{AAD353B1-3EFA-4131-A9A5-BE62ACAD9CFF}.Debug|Any CPU.ActiveCfg = Debug|Any CPU
		{AAD353B1-3EFA-4131-A9A5-BE62ACAD9CFF}.Debug|Any CPU.Build.0 = Debug|Any CPU
		{AAD353B1-3EFA-4131-A9A5-BE62ACAD9CFF}.Debug|arm64.ActiveCfg = Debug|Any CPU
		{AAD353B1-3EFA-4131-A9A5-BE62ACAD9CFF}.Debug|arm64.Build.0 = Debug|Any CPU
		{AAD353B1-3EFA-4131-A9A5-BE62ACAD9CFF}.Debug|x64.ActiveCfg = Debug|Any CPU
		{AAD353B1-3EFA-4131-A9A5-BE62ACAD9CFF}.Debug|x64.Build.0 = Debug|Any CPU
		{AAD353B1-3EFA-4131-A9A5-BE62ACAD9CFF}.Debug|x86.ActiveCfg = Debug|Any CPU
		{AAD353B1-3EFA-4131-A9A5-BE62ACAD9CFF}.Debug|x86.Build.0 = Debug|Any CPU
		{AAD353B1-3EFA-4131-A9A5-BE62ACAD9CFF}.Release|Any CPU.ActiveCfg = Release|Any CPU
		{AAD353B1-3EFA-4131-A9A5-BE62ACAD9CFF}.Release|Any CPU.Build.0 = Release|Any CPU
		{AAD353B1-3EFA-4131-A9A5-BE62ACAD9CFF}.Release|arm64.ActiveCfg = Release|Any CPU
		{AAD353B1-3EFA-4131-A9A5-BE62ACAD9CFF}.Release|arm64.Build.0 = Release|Any CPU
		{AAD353B1-3EFA-4131-A9A5-BE62ACAD9CFF}.Release|x64.ActiveCfg = Release|Any CPU
		{AAD353B1-3EFA-4131-A9A5-BE62ACAD9CFF}.Release|x64.Build.0 = Release|Any CPU
		{AAD353B1-3EFA-4131-A9A5-BE62ACAD9CFF}.Release|x86.ActiveCfg = Release|Any CPU
		{AAD353B1-3EFA-4131-A9A5-BE62ACAD9CFF}.Release|x86.Build.0 = Release|Any CPU
		{74906A2A-332E-48C2-9C71-8AC40815589C}.Debug|Any CPU.ActiveCfg = Debug|Any CPU
		{74906A2A-332E-48C2-9C71-8AC40815589C}.Debug|Any CPU.Build.0 = Debug|Any CPU
		{74906A2A-332E-48C2-9C71-8AC40815589C}.Debug|arm64.ActiveCfg = Debug|Any CPU
		{74906A2A-332E-48C2-9C71-8AC40815589C}.Debug|arm64.Build.0 = Debug|Any CPU
		{74906A2A-332E-48C2-9C71-8AC40815589C}.Debug|x64.ActiveCfg = Debug|Any CPU
		{74906A2A-332E-48C2-9C71-8AC40815589C}.Debug|x64.Build.0 = Debug|Any CPU
		{74906A2A-332E-48C2-9C71-8AC40815589C}.Debug|x86.ActiveCfg = Debug|Any CPU
		{74906A2A-332E-48C2-9C71-8AC40815589C}.Debug|x86.Build.0 = Debug|Any CPU
		{74906A2A-332E-48C2-9C71-8AC40815589C}.Release|Any CPU.ActiveCfg = Release|Any CPU
		{74906A2A-332E-48C2-9C71-8AC40815589C}.Release|Any CPU.Build.0 = Release|Any CPU
		{74906A2A-332E-48C2-9C71-8AC40815589C}.Release|arm64.ActiveCfg = Release|Any CPU
		{74906A2A-332E-48C2-9C71-8AC40815589C}.Release|arm64.Build.0 = Release|Any CPU
		{74906A2A-332E-48C2-9C71-8AC40815589C}.Release|x64.ActiveCfg = Release|Any CPU
		{74906A2A-332E-48C2-9C71-8AC40815589C}.Release|x64.Build.0 = Release|Any CPU
		{74906A2A-332E-48C2-9C71-8AC40815589C}.Release|x86.ActiveCfg = Release|Any CPU
		{74906A2A-332E-48C2-9C71-8AC40815589C}.Release|x86.Build.0 = Release|Any CPU
		{513C3033-5A3B-4106-993A-7A5BCC2D9E77}.Debug|Any CPU.ActiveCfg = Debug|Any CPU
		{513C3033-5A3B-4106-993A-7A5BCC2D9E77}.Debug|Any CPU.Build.0 = Debug|Any CPU
		{513C3033-5A3B-4106-993A-7A5BCC2D9E77}.Debug|arm64.ActiveCfg = Debug|Any CPU
		{513C3033-5A3B-4106-993A-7A5BCC2D9E77}.Debug|arm64.Build.0 = Debug|Any CPU
		{513C3033-5A3B-4106-993A-7A5BCC2D9E77}.Debug|x64.ActiveCfg = Debug|Any CPU
		{513C3033-5A3B-4106-993A-7A5BCC2D9E77}.Debug|x64.Build.0 = Debug|Any CPU
		{513C3033-5A3B-4106-993A-7A5BCC2D9E77}.Debug|x86.ActiveCfg = Debug|Any CPU
		{513C3033-5A3B-4106-993A-7A5BCC2D9E77}.Debug|x86.Build.0 = Debug|Any CPU
		{513C3033-5A3B-4106-993A-7A5BCC2D9E77}.Release|Any CPU.ActiveCfg = Release|Any CPU
		{513C3033-5A3B-4106-993A-7A5BCC2D9E77}.Release|Any CPU.Build.0 = Release|Any CPU
		{513C3033-5A3B-4106-993A-7A5BCC2D9E77}.Release|arm64.ActiveCfg = Release|Any CPU
		{513C3033-5A3B-4106-993A-7A5BCC2D9E77}.Release|arm64.Build.0 = Release|Any CPU
		{513C3033-5A3B-4106-993A-7A5BCC2D9E77}.Release|x64.ActiveCfg = Release|Any CPU
		{513C3033-5A3B-4106-993A-7A5BCC2D9E77}.Release|x64.Build.0 = Release|Any CPU
		{513C3033-5A3B-4106-993A-7A5BCC2D9E77}.Release|x86.ActiveCfg = Release|Any CPU
		{513C3033-5A3B-4106-993A-7A5BCC2D9E77}.Release|x86.Build.0 = Release|Any CPU
		{B1EEA619-3361-4D8A-A1C9-C950FD2890AC}.Debug|Any CPU.ActiveCfg = Debug|Any CPU
		{B1EEA619-3361-4D8A-A1C9-C950FD2890AC}.Debug|Any CPU.Build.0 = Debug|Any CPU
		{B1EEA619-3361-4D8A-A1C9-C950FD2890AC}.Debug|arm64.ActiveCfg = Debug|Any CPU
		{B1EEA619-3361-4D8A-A1C9-C950FD2890AC}.Debug|arm64.Build.0 = Debug|Any CPU
		{B1EEA619-3361-4D8A-A1C9-C950FD2890AC}.Debug|x64.ActiveCfg = Debug|Any CPU
		{B1EEA619-3361-4D8A-A1C9-C950FD2890AC}.Debug|x64.Build.0 = Debug|Any CPU
		{B1EEA619-3361-4D8A-A1C9-C950FD2890AC}.Debug|x86.ActiveCfg = Debug|Any CPU
		{B1EEA619-3361-4D8A-A1C9-C950FD2890AC}.Debug|x86.Build.0 = Debug|Any CPU
		{B1EEA619-3361-4D8A-A1C9-C950FD2890AC}.Release|Any CPU.ActiveCfg = Release|Any CPU
		{B1EEA619-3361-4D8A-A1C9-C950FD2890AC}.Release|Any CPU.Build.0 = Release|Any CPU
		{B1EEA619-3361-4D8A-A1C9-C950FD2890AC}.Release|arm64.ActiveCfg = Release|Any CPU
		{B1EEA619-3361-4D8A-A1C9-C950FD2890AC}.Release|arm64.Build.0 = Release|Any CPU
		{B1EEA619-3361-4D8A-A1C9-C950FD2890AC}.Release|x64.ActiveCfg = Release|Any CPU
		{B1EEA619-3361-4D8A-A1C9-C950FD2890AC}.Release|x64.Build.0 = Release|Any CPU
		{B1EEA619-3361-4D8A-A1C9-C950FD2890AC}.Release|x86.ActiveCfg = Release|Any CPU
		{B1EEA619-3361-4D8A-A1C9-C950FD2890AC}.Release|x86.Build.0 = Release|Any CPU
		{5E6E7046-78E7-4A43-BE1F-0734F696C11E}.Debug|Any CPU.ActiveCfg = Debug|Any CPU
		{5E6E7046-78E7-4A43-BE1F-0734F696C11E}.Debug|Any CPU.Build.0 = Debug|Any CPU
		{5E6E7046-78E7-4A43-BE1F-0734F696C11E}.Debug|arm64.ActiveCfg = Debug|Any CPU
		{5E6E7046-78E7-4A43-BE1F-0734F696C11E}.Debug|arm64.Build.0 = Debug|Any CPU
		{5E6E7046-78E7-4A43-BE1F-0734F696C11E}.Debug|x64.ActiveCfg = Debug|Any CPU
		{5E6E7046-78E7-4A43-BE1F-0734F696C11E}.Debug|x64.Build.0 = Debug|Any CPU
		{5E6E7046-78E7-4A43-BE1F-0734F696C11E}.Debug|x86.ActiveCfg = Debug|Any CPU
		{5E6E7046-78E7-4A43-BE1F-0734F696C11E}.Debug|x86.Build.0 = Debug|Any CPU
		{5E6E7046-78E7-4A43-BE1F-0734F696C11E}.Release|Any CPU.ActiveCfg = Release|Any CPU
		{5E6E7046-78E7-4A43-BE1F-0734F696C11E}.Release|Any CPU.Build.0 = Release|Any CPU
		{5E6E7046-78E7-4A43-BE1F-0734F696C11E}.Release|arm64.ActiveCfg = Release|Any CPU
		{5E6E7046-78E7-4A43-BE1F-0734F696C11E}.Release|arm64.Build.0 = Release|Any CPU
		{5E6E7046-78E7-4A43-BE1F-0734F696C11E}.Release|x64.ActiveCfg = Release|Any CPU
		{5E6E7046-78E7-4A43-BE1F-0734F696C11E}.Release|x64.Build.0 = Release|Any CPU
		{5E6E7046-78E7-4A43-BE1F-0734F696C11E}.Release|x86.ActiveCfg = Release|Any CPU
		{5E6E7046-78E7-4A43-BE1F-0734F696C11E}.Release|x86.Build.0 = Release|Any CPU
		{EFBC752D-62A6-4D2F-84C3-0EE094D3BD05}.Debug|Any CPU.ActiveCfg = Debug|Any CPU
		{EFBC752D-62A6-4D2F-84C3-0EE094D3BD05}.Debug|Any CPU.Build.0 = Debug|Any CPU
		{EFBC752D-62A6-4D2F-84C3-0EE094D3BD05}.Debug|arm64.ActiveCfg = Debug|Any CPU
		{EFBC752D-62A6-4D2F-84C3-0EE094D3BD05}.Debug|arm64.Build.0 = Debug|Any CPU
		{EFBC752D-62A6-4D2F-84C3-0EE094D3BD05}.Debug|x64.ActiveCfg = Debug|Any CPU
		{EFBC752D-62A6-4D2F-84C3-0EE094D3BD05}.Debug|x64.Build.0 = Debug|Any CPU
		{EFBC752D-62A6-4D2F-84C3-0EE094D3BD05}.Debug|x86.ActiveCfg = Debug|Any CPU
		{EFBC752D-62A6-4D2F-84C3-0EE094D3BD05}.Debug|x86.Build.0 = Debug|Any CPU
		{EFBC752D-62A6-4D2F-84C3-0EE094D3BD05}.Release|Any CPU.ActiveCfg = Release|Any CPU
		{EFBC752D-62A6-4D2F-84C3-0EE094D3BD05}.Release|Any CPU.Build.0 = Release|Any CPU
		{EFBC752D-62A6-4D2F-84C3-0EE094D3BD05}.Release|arm64.ActiveCfg = Release|Any CPU
		{EFBC752D-62A6-4D2F-84C3-0EE094D3BD05}.Release|arm64.Build.0 = Release|Any CPU
		{EFBC752D-62A6-4D2F-84C3-0EE094D3BD05}.Release|x64.ActiveCfg = Release|Any CPU
		{EFBC752D-62A6-4D2F-84C3-0EE094D3BD05}.Release|x64.Build.0 = Release|Any CPU
		{EFBC752D-62A6-4D2F-84C3-0EE094D3BD05}.Release|x86.ActiveCfg = Release|Any CPU
		{EFBC752D-62A6-4D2F-84C3-0EE094D3BD05}.Release|x86.Build.0 = Release|Any CPU
		{F46D1EC3-3BC6-40E4-855C-A64999437776}.Debug|Any CPU.ActiveCfg = Debug|Any CPU
		{F46D1EC3-3BC6-40E4-855C-A64999437776}.Debug|Any CPU.Build.0 = Debug|Any CPU
		{F46D1EC3-3BC6-40E4-855C-A64999437776}.Debug|arm64.ActiveCfg = Debug|Any CPU
		{F46D1EC3-3BC6-40E4-855C-A64999437776}.Debug|arm64.Build.0 = Debug|Any CPU
		{F46D1EC3-3BC6-40E4-855C-A64999437776}.Debug|x64.ActiveCfg = Debug|Any CPU
		{F46D1EC3-3BC6-40E4-855C-A64999437776}.Debug|x64.Build.0 = Debug|Any CPU
		{F46D1EC3-3BC6-40E4-855C-A64999437776}.Debug|x86.ActiveCfg = Debug|Any CPU
		{F46D1EC3-3BC6-40E4-855C-A64999437776}.Debug|x86.Build.0 = Debug|Any CPU
		{F46D1EC3-3BC6-40E4-855C-A64999437776}.Release|Any CPU.ActiveCfg = Release|Any CPU
		{F46D1EC3-3BC6-40E4-855C-A64999437776}.Release|Any CPU.Build.0 = Release|Any CPU
		{F46D1EC3-3BC6-40E4-855C-A64999437776}.Release|arm64.ActiveCfg = Release|Any CPU
		{F46D1EC3-3BC6-40E4-855C-A64999437776}.Release|arm64.Build.0 = Release|Any CPU
		{F46D1EC3-3BC6-40E4-855C-A64999437776}.Release|x64.ActiveCfg = Release|Any CPU
		{F46D1EC3-3BC6-40E4-855C-A64999437776}.Release|x64.Build.0 = Release|Any CPU
		{F46D1EC3-3BC6-40E4-855C-A64999437776}.Release|x86.ActiveCfg = Release|Any CPU
		{F46D1EC3-3BC6-40E4-855C-A64999437776}.Release|x86.Build.0 = Release|Any CPU
		{30B628AF-9BFC-4605-9496-507BC5080606}.Debug|Any CPU.ActiveCfg = Debug|Any CPU
		{30B628AF-9BFC-4605-9496-507BC5080606}.Debug|Any CPU.Build.0 = Debug|Any CPU
		{30B628AF-9BFC-4605-9496-507BC5080606}.Debug|arm64.ActiveCfg = Debug|Any CPU
		{30B628AF-9BFC-4605-9496-507BC5080606}.Debug|arm64.Build.0 = Debug|Any CPU
		{30B628AF-9BFC-4605-9496-507BC5080606}.Debug|x64.ActiveCfg = Debug|Any CPU
		{30B628AF-9BFC-4605-9496-507BC5080606}.Debug|x64.Build.0 = Debug|Any CPU
		{30B628AF-9BFC-4605-9496-507BC5080606}.Debug|x86.ActiveCfg = Debug|Any CPU
		{30B628AF-9BFC-4605-9496-507BC5080606}.Debug|x86.Build.0 = Debug|Any CPU
		{30B628AF-9BFC-4605-9496-507BC5080606}.Release|Any CPU.ActiveCfg = Release|Any CPU
		{30B628AF-9BFC-4605-9496-507BC5080606}.Release|Any CPU.Build.0 = Release|Any CPU
		{30B628AF-9BFC-4605-9496-507BC5080606}.Release|arm64.ActiveCfg = Release|Any CPU
		{30B628AF-9BFC-4605-9496-507BC5080606}.Release|arm64.Build.0 = Release|Any CPU
		{30B628AF-9BFC-4605-9496-507BC5080606}.Release|x64.ActiveCfg = Release|Any CPU
		{30B628AF-9BFC-4605-9496-507BC5080606}.Release|x64.Build.0 = Release|Any CPU
		{30B628AF-9BFC-4605-9496-507BC5080606}.Release|x86.ActiveCfg = Release|Any CPU
		{30B628AF-9BFC-4605-9496-507BC5080606}.Release|x86.Build.0 = Release|Any CPU
		{61798513-E52C-4EB7-B997-149E187B63DF}.Debug|Any CPU.ActiveCfg = Debug|Any CPU
		{61798513-E52C-4EB7-B997-149E187B63DF}.Debug|Any CPU.Build.0 = Debug|Any CPU
		{61798513-E52C-4EB7-B997-149E187B63DF}.Debug|arm64.ActiveCfg = Debug|Any CPU
		{61798513-E52C-4EB7-B997-149E187B63DF}.Debug|arm64.Build.0 = Debug|Any CPU
		{61798513-E52C-4EB7-B997-149E187B63DF}.Debug|x64.ActiveCfg = Debug|Any CPU
		{61798513-E52C-4EB7-B997-149E187B63DF}.Debug|x64.Build.0 = Debug|Any CPU
		{61798513-E52C-4EB7-B997-149E187B63DF}.Debug|x86.ActiveCfg = Debug|Any CPU
		{61798513-E52C-4EB7-B997-149E187B63DF}.Debug|x86.Build.0 = Debug|Any CPU
		{61798513-E52C-4EB7-B997-149E187B63DF}.Release|Any CPU.ActiveCfg = Release|Any CPU
		{61798513-E52C-4EB7-B997-149E187B63DF}.Release|Any CPU.Build.0 = Release|Any CPU
		{61798513-E52C-4EB7-B997-149E187B63DF}.Release|arm64.ActiveCfg = Release|Any CPU
		{61798513-E52C-4EB7-B997-149E187B63DF}.Release|arm64.Build.0 = Release|Any CPU
		{61798513-E52C-4EB7-B997-149E187B63DF}.Release|x64.ActiveCfg = Release|Any CPU
		{61798513-E52C-4EB7-B997-149E187B63DF}.Release|x64.Build.0 = Release|Any CPU
		{61798513-E52C-4EB7-B997-149E187B63DF}.Release|x86.ActiveCfg = Release|Any CPU
		{61798513-E52C-4EB7-B997-149E187B63DF}.Release|x86.Build.0 = Release|Any CPU
		{B79C7172-351F-4ECE-AB7F-B5D20861B1A0}.Debug|Any CPU.ActiveCfg = Debug|Any CPU
		{B79C7172-351F-4ECE-AB7F-B5D20861B1A0}.Debug|Any CPU.Build.0 = Debug|Any CPU
		{B79C7172-351F-4ECE-AB7F-B5D20861B1A0}.Debug|arm64.ActiveCfg = Debug|Any CPU
		{B79C7172-351F-4ECE-AB7F-B5D20861B1A0}.Debug|arm64.Build.0 = Debug|Any CPU
		{B79C7172-351F-4ECE-AB7F-B5D20861B1A0}.Debug|x64.ActiveCfg = Debug|Any CPU
		{B79C7172-351F-4ECE-AB7F-B5D20861B1A0}.Debug|x64.Build.0 = Debug|Any CPU
		{B79C7172-351F-4ECE-AB7F-B5D20861B1A0}.Debug|x86.ActiveCfg = Debug|Any CPU
		{B79C7172-351F-4ECE-AB7F-B5D20861B1A0}.Debug|x86.Build.0 = Debug|Any CPU
		{B79C7172-351F-4ECE-AB7F-B5D20861B1A0}.Release|Any CPU.ActiveCfg = Release|Any CPU
		{B79C7172-351F-4ECE-AB7F-B5D20861B1A0}.Release|Any CPU.Build.0 = Release|Any CPU
		{B79C7172-351F-4ECE-AB7F-B5D20861B1A0}.Release|arm64.ActiveCfg = Release|Any CPU
		{B79C7172-351F-4ECE-AB7F-B5D20861B1A0}.Release|arm64.Build.0 = Release|Any CPU
		{B79C7172-351F-4ECE-AB7F-B5D20861B1A0}.Release|x64.ActiveCfg = Release|Any CPU
		{B79C7172-351F-4ECE-AB7F-B5D20861B1A0}.Release|x64.Build.0 = Release|Any CPU
		{B79C7172-351F-4ECE-AB7F-B5D20861B1A0}.Release|x86.ActiveCfg = Release|Any CPU
		{B79C7172-351F-4ECE-AB7F-B5D20861B1A0}.Release|x86.Build.0 = Release|Any CPU
		{DE9A00CD-4944-4333-8CBA-81F71D669618}.Debug|Any CPU.ActiveCfg = Debug|Any CPU
		{DE9A00CD-4944-4333-8CBA-81F71D669618}.Debug|Any CPU.Build.0 = Debug|Any CPU
		{DE9A00CD-4944-4333-8CBA-81F71D669618}.Debug|arm64.ActiveCfg = Debug|Any CPU
		{DE9A00CD-4944-4333-8CBA-81F71D669618}.Debug|arm64.Build.0 = Debug|Any CPU
		{DE9A00CD-4944-4333-8CBA-81F71D669618}.Debug|x64.ActiveCfg = Debug|Any CPU
		{DE9A00CD-4944-4333-8CBA-81F71D669618}.Debug|x64.Build.0 = Debug|Any CPU
		{DE9A00CD-4944-4333-8CBA-81F71D669618}.Debug|x86.ActiveCfg = Debug|Any CPU
		{DE9A00CD-4944-4333-8CBA-81F71D669618}.Debug|x86.Build.0 = Debug|Any CPU
		{DE9A00CD-4944-4333-8CBA-81F71D669618}.Release|Any CPU.ActiveCfg = Release|Any CPU
		{DE9A00CD-4944-4333-8CBA-81F71D669618}.Release|Any CPU.Build.0 = Release|Any CPU
		{DE9A00CD-4944-4333-8CBA-81F71D669618}.Release|arm64.ActiveCfg = Release|Any CPU
		{DE9A00CD-4944-4333-8CBA-81F71D669618}.Release|arm64.Build.0 = Release|Any CPU
		{DE9A00CD-4944-4333-8CBA-81F71D669618}.Release|x64.ActiveCfg = Release|Any CPU
		{DE9A00CD-4944-4333-8CBA-81F71D669618}.Release|x64.Build.0 = Release|Any CPU
		{DE9A00CD-4944-4333-8CBA-81F71D669618}.Release|x86.ActiveCfg = Release|Any CPU
		{DE9A00CD-4944-4333-8CBA-81F71D669618}.Release|x86.Build.0 = Release|Any CPU
		{E2A8B4DF-9D89-419E-ADBA-6C4BAB6A215F}.Debug|Any CPU.ActiveCfg = Debug|Any CPU
		{E2A8B4DF-9D89-419E-ADBA-6C4BAB6A215F}.Debug|Any CPU.Build.0 = Debug|Any CPU
		{E2A8B4DF-9D89-419E-ADBA-6C4BAB6A215F}.Debug|arm64.ActiveCfg = Debug|Any CPU
		{E2A8B4DF-9D89-419E-ADBA-6C4BAB6A215F}.Debug|arm64.Build.0 = Debug|Any CPU
		{E2A8B4DF-9D89-419E-ADBA-6C4BAB6A215F}.Debug|x64.ActiveCfg = Debug|Any CPU
		{E2A8B4DF-9D89-419E-ADBA-6C4BAB6A215F}.Debug|x64.Build.0 = Debug|Any CPU
		{E2A8B4DF-9D89-419E-ADBA-6C4BAB6A215F}.Debug|x86.ActiveCfg = Debug|Any CPU
		{E2A8B4DF-9D89-419E-ADBA-6C4BAB6A215F}.Debug|x86.Build.0 = Debug|Any CPU
		{E2A8B4DF-9D89-419E-ADBA-6C4BAB6A215F}.Release|Any CPU.ActiveCfg = Release|Any CPU
		{E2A8B4DF-9D89-419E-ADBA-6C4BAB6A215F}.Release|Any CPU.Build.0 = Release|Any CPU
		{E2A8B4DF-9D89-419E-ADBA-6C4BAB6A215F}.Release|arm64.ActiveCfg = Release|Any CPU
		{E2A8B4DF-9D89-419E-ADBA-6C4BAB6A215F}.Release|arm64.Build.0 = Release|Any CPU
		{E2A8B4DF-9D89-419E-ADBA-6C4BAB6A215F}.Release|x64.ActiveCfg = Release|Any CPU
		{E2A8B4DF-9D89-419E-ADBA-6C4BAB6A215F}.Release|x64.Build.0 = Release|Any CPU
		{E2A8B4DF-9D89-419E-ADBA-6C4BAB6A215F}.Release|x86.ActiveCfg = Release|Any CPU
		{E2A8B4DF-9D89-419E-ADBA-6C4BAB6A215F}.Release|x86.Build.0 = Release|Any CPU
	EndGlobalSection
	GlobalSection(SolutionProperties) = preSolution
		HideSolutionNode = FALSE
	EndGlobalSection
	GlobalSection(NestedProjects) = preSolution
		{81A8913B-7199-42F5-960F-2BCBC5868CC3} = {7C9A63D1-8660-4E1B-AA96-F9C0CD1FB3F3}
		{7C9A63D1-8660-4E1B-AA96-F9C0CD1FB3F3} = {CC9AF7D0-978D-49B0-A32B-5312616ECC4C}
		{194077FC-29B2-436E-AF02-F1985334A1F8} = {7C9A63D1-8660-4E1B-AA96-F9C0CD1FB3F3}
		{3725F10D-C1A8-464C-BEB2-AE6AF4FA1383} = {7C9A63D1-8660-4E1B-AA96-F9C0CD1FB3F3}
		{549CBDF1-C0FB-403F-9176-AFF129ED504F} = {7C9A63D1-8660-4E1B-AA96-F9C0CD1FB3F3}
		{8853ED25-278B-4AF6-AFFE-2A0F97345E50} = {7C9A63D1-8660-4E1B-AA96-F9C0CD1FB3F3}
		{4138B9D6-7752-4D69-B02F-EFBE62DF772A} = {7C9A63D1-8660-4E1B-AA96-F9C0CD1FB3F3}
		{6EBCDF70-67E1-4D24-BF04-F804E37F0684} = {7C9A63D1-8660-4E1B-AA96-F9C0CD1FB3F3}
		{1055CF76-6DBB-468A-91A3-6EB0EA4839EB} = {9403E16B-0BB3-4D80-80E9-4C35CE483B80}
		{6B84871F-F241-421C-838F-0C9FE10FD382} = {9403E16B-0BB3-4D80-80E9-4C35CE483B80}
		{8FCC109D-116C-4803-971A-5E02025B23BB} = {E94A7E73-7D87-4FB6-A818-B014CD127704}
		{AAD353B1-3EFA-4131-A9A5-BE62ACAD9CFF} = {E94A7E73-7D87-4FB6-A818-B014CD127704}
		{74906A2A-332E-48C2-9C71-8AC40815589C} = {63B0CFC3-D6D3-4F4B-B73C-740A4BE22DB1}
		{513C3033-5A3B-4106-993A-7A5BCC2D9E77} = {63B0CFC3-D6D3-4F4B-B73C-740A4BE22DB1}
		{63B0CFC3-D6D3-4F4B-B73C-740A4BE22DB1} = {CC9AF7D0-978D-49B0-A32B-5312616ECC4C}
		{B1EEA619-3361-4D8A-A1C9-C950FD2890AC} = {9403E16B-0BB3-4D80-80E9-4C35CE483B80}
		{F46D1EC3-3BC6-40E4-855C-A64999437776} = {412B5DAB-26A1-4207-AB8D-EE8FC3EBC0CD}
		{30B628AF-9BFC-4605-9496-507BC5080606} = {412B5DAB-26A1-4207-AB8D-EE8FC3EBC0CD}
		{61798513-E52C-4EB7-B997-149E187B63DF} = {412B5DAB-26A1-4207-AB8D-EE8FC3EBC0CD}
		{B79C7172-351F-4ECE-AB7F-B5D20861B1A0} = {412B5DAB-26A1-4207-AB8D-EE8FC3EBC0CD}
		{DE9A00CD-4944-4333-8CBA-81F71D669618} = {CC9AF7D0-978D-49B0-A32B-5312616ECC4C}
		{E2A8B4DF-9D89-419E-ADBA-6C4BAB6A215F} = {E94A7E73-7D87-4FB6-A818-B014CD127704}
	EndGlobalSection
	GlobalSection(ExtensibilityGlobals) = postSolution
		SolutionGuid = {768F9C24-7FBD-4C9D-A779-A04B44622C3A}
	EndGlobalSection
EndGlobal
