
Microsoft Visual Studio Solution File, Format Version 12.00
# Visual Studio Version 16
VisualStudioVersion = 16.0.31320.298
MinimumVisualStudioVersion = 10.0.40219.1
Project("{9A19103F-16F7-4668-BE54-9A1E7A4F7556}") = "Client", "Client\Client.csproj", "{BF447518-0979-4862-BA9F-E074C5123783}"
EndProject
Project("{2150E333-8FDC-42A3-9474-1A3956D46DE8}") = "Server", "Server", "{5C4F2192-32AC-4AFF-946A-EA4B9425EF21}"
EndProject
Global
	GlobalSection(SolutionConfigurationPlatforms) = preSolution
		Debug|Any CPU = Debug|Any CPU
		Release|Any CPU = Release|Any CPU
	EndGlobalSection
	GlobalSection(ProjectConfigurationPlatforms) = postSolution
		{BF447518-0979-4862-BA9F-E074C5123783}.Debug|Any CPU.ActiveCfg = Debug|Any CPU
		{BF447518-0979-4862-BA9F-E074C5123783}.Debug|Any CPU.Build.0 = Debug|Any CPU
		{BF447518-0979-4862-BA9F-E074C5123783}.Release|Any CPU.ActiveCfg = Release|Any CPU
		{BF447518-0979-4862-BA9F-E074C5123783}.Release|Any CPU.Build.0 = Release|Any CPU
	EndGlobalSection
	GlobalSection(SolutionProperties) = preSolution
		HideSolutionNode = FALSE
	EndGlobalSection
	GlobalSection(ExtensibilityGlobals) = postSolution
		SolutionGuid = {768F9C24-7FBD-4C9D-A779-A04B44622C3A}
	EndGlobalSection
EndGlobal
