
Microsoft Visual Studio Solution File, Format Version 12.00
# Visual Studio Version 16
VisualStudioVersion = 16.0.31320.298
MinimumVisualStudioVersion = 10.0.40219.1
Project("{9A19103F-16F7-4668-BE54-9A1E7A4F7556}") = "Client", "Client\Client.csproj", "{BF447518-0979-4862-BA9F-E074C5123783}"
EndProject
Project("{2150E333-8FDC-42A3-9474-1A3956D46DE8}") = "Server", "Server", "{5C4F2192-32AC-4AFF-946A-EA4B9425EF21}"
EndProject
Project("{9A19103F-16F7-4668-BE54-9A1E7A4F7556}") = "Overseer", "Overseer\Overseer.csproj", "{84FDCD6E-F0F9-4086-A749-EE70CB94316C}"
	ProjectSection(ProjectDependencies) = postProject
		{61146906-7C08-4453-84BD-5C90657C14A5} = {61146906-7C08-4453-84BD-5C90657C14A5}
		{7C07E52D-1F49-4047-BECD-57A48AC69763} = {7C07E52D-1F49-4047-BECD-57A48AC69763}
		{F6B4199D-0400-4120-9900-3517151440CB} = {F6B4199D-0400-4120-9900-3517151440CB}
	EndProjectSection
EndProject
Project("{9A19103F-16F7-4668-BE54-9A1E7A4F7556}") = "Genealogist", "Genealogist\Genealogist.csproj", "{F6B4199D-0400-4120-9900-3517151440CB}"
EndProject
Project("{9A19103F-16F7-4668-BE54-9A1E7A4F7556}") = "Nanny", "Nanny\Nanny.csproj", "{7C07E52D-1F49-4047-BECD-57A48AC69763}"
EndProject
Project("{9A19103F-16F7-4668-BE54-9A1E7A4F7556}") = "GameWarden", "GameWarden\GameWarden.csproj", "{61146906-7C08-4453-84BD-5C90657C14A5}"
EndProject
Project("{2150E333-8FDC-42A3-9474-1A3956D46DE8}") = "Game", "Game", "{39BDD10F-27A6-412C-829B-1A4765724547}"
EndProject
Project("{9A19103F-16F7-4668-BE54-9A1E7A4F7556}") = "MonoScene.Pipeline.GLTF", "Dependencies\MonoScene\src\MonoScene.Pipeline.GLTF\MonoScene.Pipeline.GLTF.csproj", "{81A8913B-7199-42F5-960F-2BCBC5868CC3}"
EndProject
Project("{2150E333-8FDC-42A3-9474-1A3956D46DE8}") = "MonoScene", "MonoScene", "{7C9A63D1-8660-4E1B-AA96-F9C0CD1FB3F3}"
EndProject
Project("{9A19103F-16F7-4668-BE54-9A1E7A4F7556}") = "MonoScene.Runtime.Model3D", "Dependencies\MonoScene\src\MonoScene.Runtime.Model3D\MonoScene.Runtime.Model3D.csproj", "{194077FC-29B2-436E-AF02-F1985334A1F8}"
EndProject
Project("{9A19103F-16F7-4668-BE54-9A1E7A4F7556}") = "MonoScene.Pipeline", "Dependencies\MonoScene\src\MonoScene.Pipeline\MonoScene.Pipeline.csproj", "{3725F10D-C1A8-464C-BEB2-AE6AF4FA1383}"
EndProject
Project("{9A19103F-16F7-4668-BE54-9A1E7A4F7556}") = "MonoScene.Runtime.Content", "Dependencies\MonoScene\src\MonoScene.Runtime.Content\MonoScene.Runtime.Content.csproj", "{549CBDF1-C0FB-403F-9176-AFF129ED504F}"
EndProject
Project("{9A19103F-16F7-4668-BE54-9A1E7A4F7556}") = "MonoScene.Runtime.Effects.PBR", "Dependencies\MonoScene\src\MonoScene.Runtime.Effects.PBR\MonoScene.Runtime.Effects.PBR.csproj", "{8853ED25-278B-4AF6-AFFE-2A0F97345E50}"
EndProject
Project("{9A19103F-16F7-4668-BE54-9A1E7A4F7556}") = "MonoScene.Runtime.Effects.Classic", "Dependencies\MonoScene\src\MonoScene.Runtime.Effects.Classic\MonoScene.Runtime.Effects.Classic.csproj", "{4138B9D6-7752-4D69-B02F-EFBE62DF772A}"
EndProject
Project("{9A19103F-16F7-4668-BE54-9A1E7A4F7556}") = "MonoScene.Runtime.Scene3D", "Dependencies\MonoScene\src\MonoScene.Runtime.Scene3D\MonoScene.Runtime.Scene3D.csproj", "{6EBCDF70-67E1-4D24-BF04-F804E37F0684}"
EndProject
Project("{FAE04EC0-301F-11D3-BF4B-00C04F79EFBC}") = "Client.UI", "Client.UI\Client.UI.csproj", "{C766159F-86EE-4FD0-B750-F6F2C6069FCB}"
EndProject
Global
	GlobalSection(SolutionConfigurationPlatforms) = preSolution
		Debug|Any CPU = Debug|Any CPU
		Release|Any CPU = Release|Any CPU
	EndGlobalSection
	GlobalSection(ProjectConfigurationPlatforms) = postSolution
		{BF447518-0979-4862-BA9F-E074C5123783}.Debug|Any CPU.ActiveCfg = Debug|Any CPU
		{BF447518-0979-4862-BA9F-E074C5123783}.Debug|Any CPU.Build.0 = Debug|Any CPU
		{BF447518-0979-4862-BA9F-E074C5123783}.Release|Any CPU.ActiveCfg = Release|Any CPU
		{BF447518-0979-4862-BA9F-E074C5123783}.Release|Any CPU.Build.0 = Release|Any CPU
		{84FDCD6E-F0F9-4086-A749-EE70CB94316C}.Debug|Any CPU.ActiveCfg = Debug|Any CPU
		{84FDCD6E-F0F9-4086-A749-EE70CB94316C}.Debug|Any CPU.Build.0 = Debug|Any CPU
		{84FDCD6E-F0F9-4086-A749-EE70CB94316C}.Release|Any CPU.ActiveCfg = Release|Any CPU
		{84FDCD6E-F0F9-4086-A749-EE70CB94316C}.Release|Any CPU.Build.0 = Release|Any CPU
		{F6B4199D-0400-4120-9900-3517151440CB}.Debug|Any CPU.ActiveCfg = Debug|Any CPU
		{F6B4199D-0400-4120-9900-3517151440CB}.Debug|Any CPU.Build.0 = Debug|Any CPU
		{F6B4199D-0400-4120-9900-3517151440CB}.Release|Any CPU.ActiveCfg = Release|Any CPU
		{F6B4199D-0400-4120-9900-3517151440CB}.Release|Any CPU.Build.0 = Release|Any CPU
		{7C07E52D-1F49-4047-BECD-57A48AC69763}.Debug|Any CPU.ActiveCfg = Debug|Any CPU
		{7C07E52D-1F49-4047-BECD-57A48AC69763}.Debug|Any CPU.Build.0 = Debug|Any CPU
		{7C07E52D-1F49-4047-BECD-57A48AC69763}.Release|Any CPU.ActiveCfg = Release|Any CPU
		{7C07E52D-1F49-4047-BECD-57A48AC69763}.Release|Any CPU.Build.0 = Release|Any CPU
		{61146906-7C08-4453-84BD-5C90657C14A5}.Debug|Any CPU.ActiveCfg = Debug|Any CPU
		{61146906-7C08-4453-84BD-5C90657C14A5}.Debug|Any CPU.Build.0 = Debug|Any CPU
		{61146906-7C08-4453-84BD-5C90657C14A5}.Release|Any CPU.ActiveCfg = Release|Any CPU
		{61146906-7C08-4453-84BD-5C90657C14A5}.Release|Any CPU.Build.0 = Release|Any CPU
		{81A8913B-7199-42F5-960F-2BCBC5868CC3}.Debug|Any CPU.ActiveCfg = Debug|Any CPU
		{81A8913B-7199-42F5-960F-2BCBC5868CC3}.Debug|Any CPU.Build.0 = Debug|Any CPU
		{81A8913B-7199-42F5-960F-2BCBC5868CC3}.Release|Any CPU.ActiveCfg = Release|Any CPU
		{81A8913B-7199-42F5-960F-2BCBC5868CC3}.Release|Any CPU.Build.0 = Release|Any CPU
		{194077FC-29B2-436E-AF02-F1985334A1F8}.Debug|Any CPU.ActiveCfg = Debug|Any CPU
		{194077FC-29B2-436E-AF02-F1985334A1F8}.Debug|Any CPU.Build.0 = Debug|Any CPU
		{194077FC-29B2-436E-AF02-F1985334A1F8}.Release|Any CPU.ActiveCfg = Release|Any CPU
		{194077FC-29B2-436E-AF02-F1985334A1F8}.Release|Any CPU.Build.0 = Release|Any CPU
		{3725F10D-C1A8-464C-BEB2-AE6AF4FA1383}.Debug|Any CPU.ActiveCfg = Debug|Any CPU
		{3725F10D-C1A8-464C-BEB2-AE6AF4FA1383}.Debug|Any CPU.Build.0 = Debug|Any CPU
		{3725F10D-C1A8-464C-BEB2-AE6AF4FA1383}.Release|Any CPU.ActiveCfg = Release|Any CPU
		{3725F10D-C1A8-464C-BEB2-AE6AF4FA1383}.Release|Any CPU.Build.0 = Release|Any CPU
		{549CBDF1-C0FB-403F-9176-AFF129ED504F}.Debug|Any CPU.ActiveCfg = Debug|Any CPU
		{549CBDF1-C0FB-403F-9176-AFF129ED504F}.Debug|Any CPU.Build.0 = Debug|Any CPU
		{549CBDF1-C0FB-403F-9176-AFF129ED504F}.Release|Any CPU.ActiveCfg = Release|Any CPU
		{549CBDF1-C0FB-403F-9176-AFF129ED504F}.Release|Any CPU.Build.0 = Release|Any CPU
		{8853ED25-278B-4AF6-AFFE-2A0F97345E50}.Debug|Any CPU.ActiveCfg = Debug|Any CPU
		{8853ED25-278B-4AF6-AFFE-2A0F97345E50}.Debug|Any CPU.Build.0 = Debug|Any CPU
		{8853ED25-278B-4AF6-AFFE-2A0F97345E50}.Release|Any CPU.ActiveCfg = Release|Any CPU
		{8853ED25-278B-4AF6-AFFE-2A0F97345E50}.Release|Any CPU.Build.0 = Release|Any CPU
		{4138B9D6-7752-4D69-B02F-EFBE62DF772A}.Debug|Any CPU.ActiveCfg = Debug|Any CPU
		{4138B9D6-7752-4D69-B02F-EFBE62DF772A}.Debug|Any CPU.Build.0 = Debug|Any CPU
		{4138B9D6-7752-4D69-B02F-EFBE62DF772A}.Release|Any CPU.ActiveCfg = Release|Any CPU
		{4138B9D6-7752-4D69-B02F-EFBE62DF772A}.Release|Any CPU.Build.0 = Release|Any CPU
		{6EBCDF70-67E1-4D24-BF04-F804E37F0684}.Debug|Any CPU.ActiveCfg = Debug|Any CPU
		{6EBCDF70-67E1-4D24-BF04-F804E37F0684}.Debug|Any CPU.Build.0 = Debug|Any CPU
		{6EBCDF70-67E1-4D24-BF04-F804E37F0684}.Release|Any CPU.ActiveCfg = Release|Any CPU
		{6EBCDF70-67E1-4D24-BF04-F804E37F0684}.Release|Any CPU.Build.0 = Release|Any CPU
		{C766159F-86EE-4FD0-B750-F6F2C6069FCB}.Debug|Any CPU.ActiveCfg = Debug|Any CPU
		{C766159F-86EE-4FD0-B750-F6F2C6069FCB}.Debug|Any CPU.Build.0 = Debug|Any CPU
		{C766159F-86EE-4FD0-B750-F6F2C6069FCB}.Release|Any CPU.ActiveCfg = Release|Any CPU
		{C766159F-86EE-4FD0-B750-F6F2C6069FCB}.Release|Any CPU.Build.0 = Release|Any CPU
	EndGlobalSection
	GlobalSection(SolutionProperties) = preSolution
		HideSolutionNode = FALSE
	EndGlobalSection
	GlobalSection(NestedProjects) = preSolution
		{BF447518-0979-4862-BA9F-E074C5123783} = {39BDD10F-27A6-412C-829B-1A4765724547}
		{84FDCD6E-F0F9-4086-A749-EE70CB94316C} = {5C4F2192-32AC-4AFF-946A-EA4B9425EF21}
		{F6B4199D-0400-4120-9900-3517151440CB} = {5C4F2192-32AC-4AFF-946A-EA4B9425EF21}
		{7C07E52D-1F49-4047-BECD-57A48AC69763} = {5C4F2192-32AC-4AFF-946A-EA4B9425EF21}
		{61146906-7C08-4453-84BD-5C90657C14A5} = {5C4F2192-32AC-4AFF-946A-EA4B9425EF21}
		{81A8913B-7199-42F5-960F-2BCBC5868CC3} = {7C9A63D1-8660-4E1B-AA96-F9C0CD1FB3F3}
		{7C9A63D1-8660-4E1B-AA96-F9C0CD1FB3F3} = {39BDD10F-27A6-412C-829B-1A4765724547}
		{194077FC-29B2-436E-AF02-F1985334A1F8} = {7C9A63D1-8660-4E1B-AA96-F9C0CD1FB3F3}
		{3725F10D-C1A8-464C-BEB2-AE6AF4FA1383} = {7C9A63D1-8660-4E1B-AA96-F9C0CD1FB3F3}
		{549CBDF1-C0FB-403F-9176-AFF129ED504F} = {7C9A63D1-8660-4E1B-AA96-F9C0CD1FB3F3}
		{8853ED25-278B-4AF6-AFFE-2A0F97345E50} = {7C9A63D1-8660-4E1B-AA96-F9C0CD1FB3F3}
		{4138B9D6-7752-4D69-B02F-EFBE62DF772A} = {7C9A63D1-8660-4E1B-AA96-F9C0CD1FB3F3}
		{6EBCDF70-67E1-4D24-BF04-F804E37F0684} = {7C9A63D1-8660-4E1B-AA96-F9C0CD1FB3F3}
		{C766159F-86EE-4FD0-B750-F6F2C6069FCB} = {39BDD10F-27A6-412C-829B-1A4765724547}
	EndGlobalSection
	GlobalSection(ExtensibilityGlobals) = postSolution
		SolutionGuid = {768F9C24-7FBD-4C9D-A779-A04B44622C3A}
	EndGlobalSection
EndGlobal
