
Microsoft Visual Studio Solution File, Format Version 12.00
# Visual Studio Version 16
VisualStudioVersion = 16.0.31320.298
MinimumVisualStudioVersion = 10.0.40219.1
Project("{2150E333-8FDC-42A3-9474-1A3956D46DE8}") = "Server", "Server", "{5C4F2192-32AC-4AFF-946A-EA4B9425EF21}"
EndProject
Project("{9A19103F-16F7-4668-BE54-9A1E7A4F7556}") = "Overseer", "Backend\Overseer\Overseer.csproj", "{84FDCD6E-F0F9-4086-A749-EE70CB94316C}"
	ProjectSection(ProjectDependencies) = postProject
		{61146906-7C08-4453-84BD-5C90657C14A5} = {61146906-7C08-4453-84BD-5C90657C14A5}
		{7C07E52D-1F49-4047-BECD-57A48AC69763} = {7C07E52D-1F49-4047-BECD-57A48AC69763}
	EndProjectSection
EndProject
Project("{9A19103F-16F7-4668-BE54-9A1E7A4F7556}") = "Nanny", "Backend\Nanny\Nanny.csproj", "{7C07E52D-1F49-4047-BECD-57A48AC69763}"
EndProject
Project("{9A19103F-16F7-4668-BE54-9A1E7A4F7556}") = "GameWarden", "Backend\GameWarden\GameWarden.csproj", "{61146906-7C08-4453-84BD-5C90657C14A5}"
EndProject
Project("{2150E333-8FDC-42A3-9474-1A3956D46DE8}") = "Game", "Game", "{39BDD10F-27A6-412C-829B-1A4765724547}"
EndProject
Project("{9A19103F-16F7-4668-BE54-9A1E7A4F7556}") = "MonoScene.Pipeline.GLTF", "Dependencies\MonoScene\src\MonoScene.Pipeline.GLTF\MonoScene.Pipeline.GLTF.csproj", "{81A8913B-7199-42F5-960F-2BCBC5868CC3}"
EndProject
Project("{2150E333-8FDC-42A3-9474-1A3956D46DE8}") = "MonoScene", "MonoScene", "{7C9A63D1-8660-4E1B-AA96-F9C0CD1FB3F3}"
EndProject
Project("{9A19103F-16F7-4668-BE54-9A1E7A4F7556}") = "MonoScene.Runtime.Model3D", "Dependencies\MonoScene\src\MonoScene.Runtime.Model3D\MonoScene.Runtime.Model3D.csproj", "{194077FC-29B2-436E-AF02-F1985334A1F8}"
EndProject
Project("{9A19103F-16F7-4668-BE54-9A1E7A4F7556}") = "MonoScene.Pipeline", "Dependencies\MonoScene\src\MonoScene.Pipeline\MonoScene.Pipeline.csproj", "{3725F10D-C1A8-464C-BEB2-AE6AF4FA1383}"
EndProject
Project("{9A19103F-16F7-4668-BE54-9A1E7A4F7556}") = "MonoScene.Runtime.Content", "Dependencies\MonoScene\src\MonoScene.Runtime.Content\MonoScene.Runtime.Content.csproj", "{549CBDF1-C0FB-403F-9176-AFF129ED504F}"
EndProject
Project("{9A19103F-16F7-4668-BE54-9A1E7A4F7556}") = "MonoScene.Runtime.Effects.PBR", "Dependencies\MonoScene\src\MonoScene.Runtime.Effects.PBR\MonoScene.Runtime.Effects.PBR.csproj", "{8853ED25-278B-4AF6-AFFE-2A0F97345E50}"
EndProject
Project("{9A19103F-16F7-4668-BE54-9A1E7A4F7556}") = "MonoScene.Runtime.Effects.Classic", "Dependencies\MonoScene\src\MonoScene.Runtime.Effects.Classic\MonoScene.Runtime.Effects.Classic.csproj", "{4138B9D6-7752-4D69-B02F-EFBE62DF772A}"
EndProject
Project("{9A19103F-16F7-4668-BE54-9A1E7A4F7556}") = "MonoScene.Runtime.Scene3D", "Dependencies\MonoScene\src\MonoScene.Runtime.Scene3D\MonoScene.Runtime.Scene3D.csproj", "{6EBCDF70-67E1-4D24-BF04-F804E37F0684}"
EndProject
Project("{9A19103F-16F7-4668-BE54-9A1E7A4F7556}") = "Client.UI", "Frontend\Client.UI\Client.UI.csproj", "{C766159F-86EE-4FD0-B750-F6F2C6069FCB}"
EndProject
Project("{9A19103F-16F7-4668-BE54-9A1E7A4F7556}") = "Genealogist", "Backend\Genealogist\Genealogist.csproj", "{841911B2-78B1-4D7B-8B4F-50675F744F12}"
EndProject
Project("{9A19103F-16F7-4668-BE54-9A1E7A4F7556}") = "SunriseLauncher", "Frontend\Sunrise\SunriseLauncher.csproj", "{1055CF76-6DBB-468A-91A3-6EB0EA4839EB}"
EndProject
Project("{9A19103F-16F7-4668-BE54-9A1E7A4F7556}") = "FakeCDN", "Backend\FakeCDN\FakeCDN.csproj", "{6FBB0666-1E31-403D-BFEC-EDDEC8121E34}"
	ProjectSection(ProjectDependencies) = postProject
		{F2BD3C80-4B84-45DD-B02C-8B4014D112E4} = {F2BD3C80-4B84-45DD-B02C-8B4014D112E4}
	EndProjectSection
EndProject
Project("{9A19103F-16F7-4668-BE54-9A1E7A4F7556}") = "Client", "Frontend\Client\Client.csproj", "{F2BD3C80-4B84-45DD-B02C-8B4014D112E4}"
EndProject
Global
	GlobalSection(SolutionConfigurationPlatforms) = preSolution
		Debug|Any CPU = Debug|Any CPU
		Debug|arm64 = Debug|arm64
		Debug|x64 = Debug|x64
		Debug|x86 = Debug|x86
		Release|Any CPU = Release|Any CPU
		Release|arm64 = Release|arm64
		Release|x64 = Release|x64
		Release|x86 = Release|x86
	EndGlobalSection
	GlobalSection(ProjectConfigurationPlatforms) = postSolution
		{84FDCD6E-F0F9-4086-A749-EE70CB94316C}.Debug|Any CPU.ActiveCfg = Debug|Any CPU
		{84FDCD6E-F0F9-4086-A749-EE70CB94316C}.Debug|Any CPU.Build.0 = Debug|Any CPU
		{84FDCD6E-F0F9-4086-A749-EE70CB94316C}.Debug|arm64.ActiveCfg = Debug|Any CPU
		{84FDCD6E-F0F9-4086-A749-EE70CB94316C}.Debug|arm64.Build.0 = Debug|Any CPU
		{84FDCD6E-F0F9-4086-A749-EE70CB94316C}.Debug|x64.ActiveCfg = Debug|Any CPU
		{84FDCD6E-F0F9-4086-A749-EE70CB94316C}.Debug|x64.Build.0 = Debug|Any CPU
		{84FDCD6E-F0F9-4086-A749-EE70CB94316C}.Debug|x86.ActiveCfg = Debug|Any CPU
		{84FDCD6E-F0F9-4086-A749-EE70CB94316C}.Debug|x86.Build.0 = Debug|Any CPU
		{84FDCD6E-F0F9-4086-A749-EE70CB94316C}.Release|Any CPU.ActiveCfg = Release|Any CPU
		{84FDCD6E-F0F9-4086-A749-EE70CB94316C}.Release|Any CPU.Build.0 = Release|Any CPU
		{84FDCD6E-F0F9-4086-A749-EE70CB94316C}.Release|arm64.ActiveCfg = Release|Any CPU
		{84FDCD6E-F0F9-4086-A749-EE70CB94316C}.Release|arm64.Build.0 = Release|Any CPU
		{84FDCD6E-F0F9-4086-A749-EE70CB94316C}.Release|x64.ActiveCfg = Release|Any CPU
		{84FDCD6E-F0F9-4086-A749-EE70CB94316C}.Release|x64.Build.0 = Release|Any CPU
		{84FDCD6E-F0F9-4086-A749-EE70CB94316C}.Release|x86.ActiveCfg = Release|Any CPU
		{84FDCD6E-F0F9-4086-A749-EE70CB94316C}.Release|x86.Build.0 = Release|Any CPU
		{7C07E52D-1F49-4047-BECD-57A48AC69763}.Debug|Any CPU.ActiveCfg = Debug|Any CPU
		{7C07E52D-1F49-4047-BECD-57A48AC69763}.Debug|Any CPU.Build.0 = Debug|Any CPU
		{7C07E52D-1F49-4047-BECD-57A48AC69763}.Debug|arm64.ActiveCfg = Debug|Any CPU
		{7C07E52D-1F49-4047-BECD-57A48AC69763}.Debug|arm64.Build.0 = Debug|Any CPU
		{7C07E52D-1F49-4047-BECD-57A48AC69763}.Debug|x64.ActiveCfg = Debug|Any CPU
		{7C07E52D-1F49-4047-BECD-57A48AC69763}.Debug|x64.Build.0 = Debug|Any CPU
		{7C07E52D-1F49-4047-BECD-57A48AC69763}.Debug|x86.ActiveCfg = Debug|Any CPU
		{7C07E52D-1F49-4047-BECD-57A48AC69763}.Debug|x86.Build.0 = Debug|Any CPU
		{7C07E52D-1F49-4047-BECD-57A48AC69763}.Release|Any CPU.ActiveCfg = Release|Any CPU
		{7C07E52D-1F49-4047-BECD-57A48AC69763}.Release|Any CPU.Build.0 = Release|Any CPU
		{7C07E52D-1F49-4047-BECD-57A48AC69763}.Release|arm64.ActiveCfg = Release|Any CPU
		{7C07E52D-1F49-4047-BECD-57A48AC69763}.Release|arm64.Build.0 = Release|Any CPU
		{7C07E52D-1F49-4047-BECD-57A48AC69763}.Release|x64.ActiveCfg = Release|Any CPU
		{7C07E52D-1F49-4047-BECD-57A48AC69763}.Release|x64.Build.0 = Release|Any CPU
		{7C07E52D-1F49-4047-BECD-57A48AC69763}.Release|x86.ActiveCfg = Release|Any CPU
		{7C07E52D-1F49-4047-BECD-57A48AC69763}.Release|x86.Build.0 = Release|Any CPU
		{61146906-7C08-4453-84BD-5C90657C14A5}.Debug|Any CPU.ActiveCfg = Debug|Any CPU
		{61146906-7C08-4453-84BD-5C90657C14A5}.Debug|Any CPU.Build.0 = Debug|Any CPU
		{61146906-7C08-4453-84BD-5C90657C14A5}.Debug|arm64.ActiveCfg = Debug|Any CPU
		{61146906-7C08-4453-84BD-5C90657C14A5}.Debug|arm64.Build.0 = Debug|Any CPU
		{61146906-7C08-4453-84BD-5C90657C14A5}.Debug|x64.ActiveCfg = Debug|Any CPU
		{61146906-7C08-4453-84BD-5C90657C14A5}.Debug|x64.Build.0 = Debug|Any CPU
		{61146906-7C08-4453-84BD-5C90657C14A5}.Debug|x86.ActiveCfg = Debug|Any CPU
		{61146906-7C08-4453-84BD-5C90657C14A5}.Debug|x86.Build.0 = Debug|Any CPU
		{61146906-7C08-4453-84BD-5C90657C14A5}.Release|Any CPU.ActiveCfg = Release|Any CPU
		{61146906-7C08-4453-84BD-5C90657C14A5}.Release|Any CPU.Build.0 = Release|Any CPU
		{61146906-7C08-4453-84BD-5C90657C14A5}.Release|arm64.ActiveCfg = Release|Any CPU
		{61146906-7C08-4453-84BD-5C90657C14A5}.Release|arm64.Build.0 = Release|Any CPU
		{61146906-7C08-4453-84BD-5C90657C14A5}.Release|x64.ActiveCfg = Release|Any CPU
		{61146906-7C08-4453-84BD-5C90657C14A5}.Release|x64.Build.0 = Release|Any CPU
		{61146906-7C08-4453-84BD-5C90657C14A5}.Release|x86.ActiveCfg = Release|Any CPU
		{61146906-7C08-4453-84BD-5C90657C14A5}.Release|x86.Build.0 = Release|Any CPU
		{81A8913B-7199-42F5-960F-2BCBC5868CC3}.Debug|Any CPU.ActiveCfg = Debug|Any CPU
		{81A8913B-7199-42F5-960F-2BCBC5868CC3}.Debug|Any CPU.Build.0 = Debug|Any CPU
		{81A8913B-7199-42F5-960F-2BCBC5868CC3}.Debug|arm64.ActiveCfg = Debug|Any CPU
		{81A8913B-7199-42F5-960F-2BCBC5868CC3}.Debug|arm64.Build.0 = Debug|Any CPU
		{81A8913B-7199-42F5-960F-2BCBC5868CC3}.Debug|x64.ActiveCfg = Debug|Any CPU
		{81A8913B-7199-42F5-960F-2BCBC5868CC3}.Debug|x64.Build.0 = Debug|Any CPU
		{81A8913B-7199-42F5-960F-2BCBC5868CC3}.Debug|x86.ActiveCfg = Debug|Any CPU
		{81A8913B-7199-42F5-960F-2BCBC5868CC3}.Debug|x86.Build.0 = Debug|Any CPU
		{81A8913B-7199-42F5-960F-2BCBC5868CC3}.Release|Any CPU.ActiveCfg = Release|Any CPU
		{81A8913B-7199-42F5-960F-2BCBC5868CC3}.Release|Any CPU.Build.0 = Release|Any CPU
		{81A8913B-7199-42F5-960F-2BCBC5868CC3}.Release|arm64.ActiveCfg = Release|Any CPU
		{81A8913B-7199-42F5-960F-2BCBC5868CC3}.Release|arm64.Build.0 = Release|Any CPU
		{81A8913B-7199-42F5-960F-2BCBC5868CC3}.Release|x64.ActiveCfg = Release|Any CPU
		{81A8913B-7199-42F5-960F-2BCBC5868CC3}.Release|x64.Build.0 = Release|Any CPU
		{81A8913B-7199-42F5-960F-2BCBC5868CC3}.Release|x86.ActiveCfg = Release|Any CPU
		{81A8913B-7199-42F5-960F-2BCBC5868CC3}.Release|x86.Build.0 = Release|Any CPU
		{194077FC-29B2-436E-AF02-F1985334A1F8}.Debug|Any CPU.ActiveCfg = Debug|Any CPU
		{194077FC-29B2-436E-AF02-F1985334A1F8}.Debug|Any CPU.Build.0 = Debug|Any CPU
		{194077FC-29B2-436E-AF02-F1985334A1F8}.Debug|arm64.ActiveCfg = Debug|Any CPU
		{194077FC-29B2-436E-AF02-F1985334A1F8}.Debug|arm64.Build.0 = Debug|Any CPU
		{194077FC-29B2-436E-AF02-F1985334A1F8}.Debug|x64.ActiveCfg = Debug|Any CPU
		{194077FC-29B2-436E-AF02-F1985334A1F8}.Debug|x64.Build.0 = Debug|Any CPU
		{194077FC-29B2-436E-AF02-F1985334A1F8}.Debug|x86.ActiveCfg = Debug|Any CPU
		{194077FC-29B2-436E-AF02-F1985334A1F8}.Debug|x86.Build.0 = Debug|Any CPU
		{194077FC-29B2-436E-AF02-F1985334A1F8}.Release|Any CPU.ActiveCfg = Release|Any CPU
		{194077FC-29B2-436E-AF02-F1985334A1F8}.Release|Any CPU.Build.0 = Release|Any CPU
		{194077FC-29B2-436E-AF02-F1985334A1F8}.Release|arm64.ActiveCfg = Release|Any CPU
		{194077FC-29B2-436E-AF02-F1985334A1F8}.Release|arm64.Build.0 = Release|Any CPU
		{194077FC-29B2-436E-AF02-F1985334A1F8}.Release|x64.ActiveCfg = Release|Any CPU
		{194077FC-29B2-436E-AF02-F1985334A1F8}.Release|x64.Build.0 = Release|Any CPU
		{194077FC-29B2-436E-AF02-F1985334A1F8}.Release|x86.ActiveCfg = Release|Any CPU
		{194077FC-29B2-436E-AF02-F1985334A1F8}.Release|x86.Build.0 = Release|Any CPU
		{3725F10D-C1A8-464C-BEB2-AE6AF4FA1383}.Debug|Any CPU.ActiveCfg = Debug|Any CPU
		{3725F10D-C1A8-464C-BEB2-AE6AF4FA1383}.Debug|Any CPU.Build.0 = Debug|Any CPU
		{3725F10D-C1A8-464C-BEB2-AE6AF4FA1383}.Debug|arm64.ActiveCfg = Debug|Any CPU
		{3725F10D-C1A8-464C-BEB2-AE6AF4FA1383}.Debug|arm64.Build.0 = Debug|Any CPU
		{3725F10D-C1A8-464C-BEB2-AE6AF4FA1383}.Debug|x64.ActiveCfg = Debug|Any CPU
		{3725F10D-C1A8-464C-BEB2-AE6AF4FA1383}.Debug|x64.Build.0 = Debug|Any CPU
		{3725F10D-C1A8-464C-BEB2-AE6AF4FA1383}.Debug|x86.ActiveCfg = Debug|Any CPU
		{3725F10D-C1A8-464C-BEB2-AE6AF4FA1383}.Debug|x86.Build.0 = Debug|Any CPU
		{3725F10D-C1A8-464C-BEB2-AE6AF4FA1383}.Release|Any CPU.ActiveCfg = Release|Any CPU
		{3725F10D-C1A8-464C-BEB2-AE6AF4FA1383}.Release|Any CPU.Build.0 = Release|Any CPU
		{3725F10D-C1A8-464C-BEB2-AE6AF4FA1383}.Release|arm64.ActiveCfg = Release|Any CPU
		{3725F10D-C1A8-464C-BEB2-AE6AF4FA1383}.Release|arm64.Build.0 = Release|Any CPU
		{3725F10D-C1A8-464C-BEB2-AE6AF4FA1383}.Release|x64.ActiveCfg = Release|Any CPU
		{3725F10D-C1A8-464C-BEB2-AE6AF4FA1383}.Release|x64.Build.0 = Release|Any CPU
		{3725F10D-C1A8-464C-BEB2-AE6AF4FA1383}.Release|x86.ActiveCfg = Release|Any CPU
		{3725F10D-C1A8-464C-BEB2-AE6AF4FA1383}.Release|x86.Build.0 = Release|Any CPU
		{549CBDF1-C0FB-403F-9176-AFF129ED504F}.Debug|Any CPU.ActiveCfg = Debug|Any CPU
		{549CBDF1-C0FB-403F-9176-AFF129ED504F}.Debug|Any CPU.Build.0 = Debug|Any CPU
		{549CBDF1-C0FB-403F-9176-AFF129ED504F}.Debug|arm64.ActiveCfg = Debug|Any CPU
		{549CBDF1-C0FB-403F-9176-AFF129ED504F}.Debug|arm64.Build.0 = Debug|Any CPU
		{549CBDF1-C0FB-403F-9176-AFF129ED504F}.Debug|x64.ActiveCfg = Debug|Any CPU
		{549CBDF1-C0FB-403F-9176-AFF129ED504F}.Debug|x64.Build.0 = Debug|Any CPU
		{549CBDF1-C0FB-403F-9176-AFF129ED504F}.Debug|x86.ActiveCfg = Debug|Any CPU
		{549CBDF1-C0FB-403F-9176-AFF129ED504F}.Debug|x86.Build.0 = Debug|Any CPU
		{549CBDF1-C0FB-403F-9176-AFF129ED504F}.Release|Any CPU.ActiveCfg = Release|Any CPU
		{549CBDF1-C0FB-403F-9176-AFF129ED504F}.Release|Any CPU.Build.0 = Release|Any CPU
		{549CBDF1-C0FB-403F-9176-AFF129ED504F}.Release|arm64.ActiveCfg = Release|Any CPU
		{549CBDF1-C0FB-403F-9176-AFF129ED504F}.Release|arm64.Build.0 = Release|Any CPU
		{549CBDF1-C0FB-403F-9176-AFF129ED504F}.Release|x64.ActiveCfg = Release|Any CPU
		{549CBDF1-C0FB-403F-9176-AFF129ED504F}.Release|x64.Build.0 = Release|Any CPU
		{549CBDF1-C0FB-403F-9176-AFF129ED504F}.Release|x86.ActiveCfg = Release|Any CPU
		{549CBDF1-C0FB-403F-9176-AFF129ED504F}.Release|x86.Build.0 = Release|Any CPU
		{8853ED25-278B-4AF6-AFFE-2A0F97345E50}.Debug|Any CPU.ActiveCfg = Debug|Any CPU
		{8853ED25-278B-4AF6-AFFE-2A0F97345E50}.Debug|Any CPU.Build.0 = Debug|Any CPU
		{8853ED25-278B-4AF6-AFFE-2A0F97345E50}.Debug|arm64.ActiveCfg = Debug|Any CPU
		{8853ED25-278B-4AF6-AFFE-2A0F97345E50}.Debug|arm64.Build.0 = Debug|Any CPU
		{8853ED25-278B-4AF6-AFFE-2A0F97345E50}.Debug|x64.ActiveCfg = Debug|Any CPU
		{8853ED25-278B-4AF6-AFFE-2A0F97345E50}.Debug|x64.Build.0 = Debug|Any CPU
		{8853ED25-278B-4AF6-AFFE-2A0F97345E50}.Debug|x86.ActiveCfg = Debug|Any CPU
		{8853ED25-278B-4AF6-AFFE-2A0F97345E50}.Debug|x86.Build.0 = Debug|Any CPU
		{8853ED25-278B-4AF6-AFFE-2A0F97345E50}.Release|Any CPU.ActiveCfg = Release|Any CPU
		{8853ED25-278B-4AF6-AFFE-2A0F97345E50}.Release|Any CPU.Build.0 = Release|Any CPU
		{8853ED25-278B-4AF6-AFFE-2A0F97345E50}.Release|arm64.ActiveCfg = Release|Any CPU
		{8853ED25-278B-4AF6-AFFE-2A0F97345E50}.Release|arm64.Build.0 = Release|Any CPU
		{8853ED25-278B-4AF6-AFFE-2A0F97345E50}.Release|x64.ActiveCfg = Release|Any CPU
		{8853ED25-278B-4AF6-AFFE-2A0F97345E50}.Release|x64.Build.0 = Release|Any CPU
		{8853ED25-278B-4AF6-AFFE-2A0F97345E50}.Release|x86.ActiveCfg = Release|Any CPU
		{8853ED25-278B-4AF6-AFFE-2A0F97345E50}.Release|x86.Build.0 = Release|Any CPU
		{4138B9D6-7752-4D69-B02F-EFBE62DF772A}.Debug|Any CPU.ActiveCfg = Debug|Any CPU
		{4138B9D6-7752-4D69-B02F-EFBE62DF772A}.Debug|Any CPU.Build.0 = Debug|Any CPU
		{4138B9D6-7752-4D69-B02F-EFBE62DF772A}.Debug|arm64.ActiveCfg = Debug|Any CPU
		{4138B9D6-7752-4D69-B02F-EFBE62DF772A}.Debug|arm64.Build.0 = Debug|Any CPU
		{4138B9D6-7752-4D69-B02F-EFBE62DF772A}.Debug|x64.ActiveCfg = Debug|Any CPU
		{4138B9D6-7752-4D69-B02F-EFBE62DF772A}.Debug|x64.Build.0 = Debug|Any CPU
		{4138B9D6-7752-4D69-B02F-EFBE62DF772A}.Debug|x86.ActiveCfg = Debug|Any CPU
		{4138B9D6-7752-4D69-B02F-EFBE62DF772A}.Debug|x86.Build.0 = Debug|Any CPU
		{4138B9D6-7752-4D69-B02F-EFBE62DF772A}.Release|Any CPU.ActiveCfg = Release|Any CPU
		{4138B9D6-7752-4D69-B02F-EFBE62DF772A}.Release|Any CPU.Build.0 = Release|Any CPU
		{4138B9D6-7752-4D69-B02F-EFBE62DF772A}.Release|arm64.ActiveCfg = Release|Any CPU
		{4138B9D6-7752-4D69-B02F-EFBE62DF772A}.Release|arm64.Build.0 = Release|Any CPU
		{4138B9D6-7752-4D69-B02F-EFBE62DF772A}.Release|x64.ActiveCfg = Release|Any CPU
		{4138B9D6-7752-4D69-B02F-EFBE62DF772A}.Release|x64.Build.0 = Release|Any CPU
		{4138B9D6-7752-4D69-B02F-EFBE62DF772A}.Release|x86.ActiveCfg = Release|Any CPU
		{4138B9D6-7752-4D69-B02F-EFBE62DF772A}.Release|x86.Build.0 = Release|Any CPU
		{6EBCDF70-67E1-4D24-BF04-F804E37F0684}.Debug|Any CPU.ActiveCfg = Debug|Any CPU
		{6EBCDF70-67E1-4D24-BF04-F804E37F0684}.Debug|Any CPU.Build.0 = Debug|Any CPU
		{6EBCDF70-67E1-4D24-BF04-F804E37F0684}.Debug|arm64.ActiveCfg = Debug|Any CPU
		{6EBCDF70-67E1-4D24-BF04-F804E37F0684}.Debug|arm64.Build.0 = Debug|Any CPU
		{6EBCDF70-67E1-4D24-BF04-F804E37F0684}.Debug|x64.ActiveCfg = Debug|Any CPU
		{6EBCDF70-67E1-4D24-BF04-F804E37F0684}.Debug|x64.Build.0 = Debug|Any CPU
		{6EBCDF70-67E1-4D24-BF04-F804E37F0684}.Debug|x86.ActiveCfg = Debug|Any CPU
		{6EBCDF70-67E1-4D24-BF04-F804E37F0684}.Debug|x86.Build.0 = Debug|Any CPU
		{6EBCDF70-67E1-4D24-BF04-F804E37F0684}.Release|Any CPU.ActiveCfg = Release|Any CPU
		{6EBCDF70-67E1-4D24-BF04-F804E37F0684}.Release|Any CPU.Build.0 = Release|Any CPU
		{6EBCDF70-67E1-4D24-BF04-F804E37F0684}.Release|arm64.ActiveCfg = Release|Any CPU
		{6EBCDF70-67E1-4D24-BF04-F804E37F0684}.Release|arm64.Build.0 = Release|Any CPU
		{6EBCDF70-67E1-4D24-BF04-F804E37F0684}.Release|x64.ActiveCfg = Release|Any CPU
		{6EBCDF70-67E1-4D24-BF04-F804E37F0684}.Release|x64.Build.0 = Release|Any CPU
		{6EBCDF70-67E1-4D24-BF04-F804E37F0684}.Release|x86.ActiveCfg = Release|Any CPU
		{6EBCDF70-67E1-4D24-BF04-F804E37F0684}.Release|x86.Build.0 = Release|Any CPU
		{C766159F-86EE-4FD0-B750-F6F2C6069FCB}.Debug|Any CPU.ActiveCfg = Debug|Any CPU
		{C766159F-86EE-4FD0-B750-F6F2C6069FCB}.Debug|Any CPU.Build.0 = Debug|Any CPU
		{C766159F-86EE-4FD0-B750-F6F2C6069FCB}.Debug|arm64.ActiveCfg = Debug|Any CPU
		{C766159F-86EE-4FD0-B750-F6F2C6069FCB}.Debug|arm64.Build.0 = Debug|Any CPU
		{C766159F-86EE-4FD0-B750-F6F2C6069FCB}.Debug|x64.ActiveCfg = Debug|Any CPU
		{C766159F-86EE-4FD0-B750-F6F2C6069FCB}.Debug|x64.Build.0 = Debug|Any CPU
		{C766159F-86EE-4FD0-B750-F6F2C6069FCB}.Debug|x86.ActiveCfg = Debug|Any CPU
		{C766159F-86EE-4FD0-B750-F6F2C6069FCB}.Debug|x86.Build.0 = Debug|Any CPU
		{C766159F-86EE-4FD0-B750-F6F2C6069FCB}.Release|Any CPU.ActiveCfg = Release|Any CPU
		{C766159F-86EE-4FD0-B750-F6F2C6069FCB}.Release|Any CPU.Build.0 = Release|Any CPU
		{C766159F-86EE-4FD0-B750-F6F2C6069FCB}.Release|arm64.ActiveCfg = Release|Any CPU
		{C766159F-86EE-4FD0-B750-F6F2C6069FCB}.Release|arm64.Build.0 = Release|Any CPU
		{C766159F-86EE-4FD0-B750-F6F2C6069FCB}.Release|x64.ActiveCfg = Release|Any CPU
		{C766159F-86EE-4FD0-B750-F6F2C6069FCB}.Release|x64.Build.0 = Release|Any CPU
		{C766159F-86EE-4FD0-B750-F6F2C6069FCB}.Release|x86.ActiveCfg = Release|Any CPU
		{C766159F-86EE-4FD0-B750-F6F2C6069FCB}.Release|x86.Build.0 = Release|Any CPU
		{841911B2-78B1-4D7B-8B4F-50675F744F12}.Debug|Any CPU.ActiveCfg = Debug|Any CPU
		{841911B2-78B1-4D7B-8B4F-50675F744F12}.Debug|Any CPU.Build.0 = Debug|Any CPU
		{841911B2-78B1-4D7B-8B4F-50675F744F12}.Debug|arm64.ActiveCfg = Debug|Any CPU
		{841911B2-78B1-4D7B-8B4F-50675F744F12}.Debug|arm64.Build.0 = Debug|Any CPU
		{841911B2-78B1-4D7B-8B4F-50675F744F12}.Debug|x64.ActiveCfg = Debug|Any CPU
		{841911B2-78B1-4D7B-8B4F-50675F744F12}.Debug|x64.Build.0 = Debug|Any CPU
		{841911B2-78B1-4D7B-8B4F-50675F744F12}.Debug|x86.ActiveCfg = Debug|Any CPU
		{841911B2-78B1-4D7B-8B4F-50675F744F12}.Debug|x86.Build.0 = Debug|Any CPU
		{841911B2-78B1-4D7B-8B4F-50675F744F12}.Release|Any CPU.ActiveCfg = Release|Any CPU
		{841911B2-78B1-4D7B-8B4F-50675F744F12}.Release|Any CPU.Build.0 = Release|Any CPU
		{841911B2-78B1-4D7B-8B4F-50675F744F12}.Release|arm64.ActiveCfg = Release|Any CPU
		{841911B2-78B1-4D7B-8B4F-50675F744F12}.Release|arm64.Build.0 = Release|Any CPU
		{841911B2-78B1-4D7B-8B4F-50675F744F12}.Release|x64.ActiveCfg = Release|Any CPU
		{841911B2-78B1-4D7B-8B4F-50675F744F12}.Release|x64.Build.0 = Release|Any CPU
		{841911B2-78B1-4D7B-8B4F-50675F744F12}.Release|x86.ActiveCfg = Release|Any CPU
		{841911B2-78B1-4D7B-8B4F-50675F744F12}.Release|x86.Build.0 = Release|Any CPU
		{1055CF76-6DBB-468A-91A3-6EB0EA4839EB}.Debug|Any CPU.ActiveCfg = Debug|Any CPU
		{1055CF76-6DBB-468A-91A3-6EB0EA4839EB}.Debug|Any CPU.Build.0 = Debug|Any CPU
		{1055CF76-6DBB-468A-91A3-6EB0EA4839EB}.Debug|arm64.ActiveCfg = Debug|Any CPU
		{1055CF76-6DBB-468A-91A3-6EB0EA4839EB}.Debug|arm64.Build.0 = Debug|Any CPU
		{1055CF76-6DBB-468A-91A3-6EB0EA4839EB}.Debug|x64.ActiveCfg = Debug|Any CPU
		{1055CF76-6DBB-468A-91A3-6EB0EA4839EB}.Debug|x64.Build.0 = Debug|Any CPU
		{1055CF76-6DBB-468A-91A3-6EB0EA4839EB}.Debug|x86.ActiveCfg = Debug|Any CPU
		{1055CF76-6DBB-468A-91A3-6EB0EA4839EB}.Debug|x86.Build.0 = Debug|Any CPU
		{1055CF76-6DBB-468A-91A3-6EB0EA4839EB}.Release|Any CPU.ActiveCfg = Release|Any CPU
		{1055CF76-6DBB-468A-91A3-6EB0EA4839EB}.Release|Any CPU.Build.0 = Release|Any CPU
		{1055CF76-6DBB-468A-91A3-6EB0EA4839EB}.Release|arm64.ActiveCfg = Release|Any CPU
		{1055CF76-6DBB-468A-91A3-6EB0EA4839EB}.Release|arm64.Build.0 = Release|Any CPU
		{1055CF76-6DBB-468A-91A3-6EB0EA4839EB}.Release|x64.ActiveCfg = Release|Any CPU
		{1055CF76-6DBB-468A-91A3-6EB0EA4839EB}.Release|x64.Build.0 = Release|Any CPU
		{1055CF76-6DBB-468A-91A3-6EB0EA4839EB}.Release|x86.ActiveCfg = Release|Any CPU
		{1055CF76-6DBB-468A-91A3-6EB0EA4839EB}.Release|x86.Build.0 = Release|Any CPU
		{6FBB0666-1E31-403D-BFEC-EDDEC8121E34}.Debug|Any CPU.ActiveCfg = Debug|Any CPU
		{6FBB0666-1E31-403D-BFEC-EDDEC8121E34}.Debug|Any CPU.Build.0 = Debug|Any CPU
		{6FBB0666-1E31-403D-BFEC-EDDEC8121E34}.Debug|arm64.ActiveCfg = Debug|Any CPU
		{6FBB0666-1E31-403D-BFEC-EDDEC8121E34}.Debug|arm64.Build.0 = Debug|Any CPU
		{6FBB0666-1E31-403D-BFEC-EDDEC8121E34}.Debug|x64.ActiveCfg = Debug|Any CPU
		{6FBB0666-1E31-403D-BFEC-EDDEC8121E34}.Debug|x64.Build.0 = Debug|Any CPU
		{6FBB0666-1E31-403D-BFEC-EDDEC8121E34}.Debug|x86.ActiveCfg = Debug|Any CPU
		{6FBB0666-1E31-403D-BFEC-EDDEC8121E34}.Debug|x86.Build.0 = Debug|Any CPU
		{6FBB0666-1E31-403D-BFEC-EDDEC8121E34}.Release|Any CPU.ActiveCfg = Release|Any CPU
		{6FBB0666-1E31-403D-BFEC-EDDEC8121E34}.Release|Any CPU.Build.0 = Release|Any CPU
		{6FBB0666-1E31-403D-BFEC-EDDEC8121E34}.Release|arm64.ActiveCfg = Release|Any CPU
		{6FBB0666-1E31-403D-BFEC-EDDEC8121E34}.Release|arm64.Build.0 = Release|Any CPU
		{6FBB0666-1E31-403D-BFEC-EDDEC8121E34}.Release|x64.ActiveCfg = Release|Any CPU
		{6FBB0666-1E31-403D-BFEC-EDDEC8121E34}.Release|x64.Build.0 = Release|Any CPU
		{6FBB0666-1E31-403D-BFEC-EDDEC8121E34}.Release|x86.ActiveCfg = Release|Any CPU
		{6FBB0666-1E31-403D-BFEC-EDDEC8121E34}.Release|x86.Build.0 = Release|Any CPU
		{F2BD3C80-4B84-45DD-B02C-8B4014D112E4}.Debug|Any CPU.ActiveCfg = Debug|Any CPU
		{F2BD3C80-4B84-45DD-B02C-8B4014D112E4}.Debug|Any CPU.Build.0 = Debug|Any CPU
		{F2BD3C80-4B84-45DD-B02C-8B4014D112E4}.Debug|arm64.ActiveCfg = Debug|Any CPU
		{F2BD3C80-4B84-45DD-B02C-8B4014D112E4}.Debug|arm64.Build.0 = Debug|Any CPU
		{F2BD3C80-4B84-45DD-B02C-8B4014D112E4}.Debug|x64.ActiveCfg = Debug|Any CPU
		{F2BD3C80-4B84-45DD-B02C-8B4014D112E4}.Debug|x64.Build.0 = Debug|Any CPU
		{F2BD3C80-4B84-45DD-B02C-8B4014D112E4}.Debug|x86.ActiveCfg = Debug|Any CPU
		{F2BD3C80-4B84-45DD-B02C-8B4014D112E4}.Debug|x86.Build.0 = Debug|Any CPU
		{F2BD3C80-4B84-45DD-B02C-8B4014D112E4}.Release|Any CPU.ActiveCfg = Release|Any CPU
		{F2BD3C80-4B84-45DD-B02C-8B4014D112E4}.Release|Any CPU.Build.0 = Release|Any CPU
		{F2BD3C80-4B84-45DD-B02C-8B4014D112E4}.Release|arm64.ActiveCfg = Release|Any CPU
		{F2BD3C80-4B84-45DD-B02C-8B4014D112E4}.Release|arm64.Build.0 = Release|Any CPU
		{F2BD3C80-4B84-45DD-B02C-8B4014D112E4}.Release|x64.ActiveCfg = Release|Any CPU
		{F2BD3C80-4B84-45DD-B02C-8B4014D112E4}.Release|x64.Build.0 = Release|Any CPU
		{F2BD3C80-4B84-45DD-B02C-8B4014D112E4}.Release|x86.ActiveCfg = Release|Any CPU
		{F2BD3C80-4B84-45DD-B02C-8B4014D112E4}.Release|x86.Build.0 = Release|Any CPU
	EndGlobalSection
	GlobalSection(SolutionProperties) = preSolution
		HideSolutionNode = FALSE
	EndGlobalSection
	GlobalSection(NestedProjects) = preSolution
		{84FDCD6E-F0F9-4086-A749-EE70CB94316C} = {5C4F2192-32AC-4AFF-946A-EA4B9425EF21}
		{7C07E52D-1F49-4047-BECD-57A48AC69763} = {5C4F2192-32AC-4AFF-946A-EA4B9425EF21}
		{61146906-7C08-4453-84BD-5C90657C14A5} = {5C4F2192-32AC-4AFF-946A-EA4B9425EF21}
		{81A8913B-7199-42F5-960F-2BCBC5868CC3} = {7C9A63D1-8660-4E1B-AA96-F9C0CD1FB3F3}
		{7C9A63D1-8660-4E1B-AA96-F9C0CD1FB3F3} = {39BDD10F-27A6-412C-829B-1A4765724547}
		{194077FC-29B2-436E-AF02-F1985334A1F8} = {7C9A63D1-8660-4E1B-AA96-F9C0CD1FB3F3}
		{3725F10D-C1A8-464C-BEB2-AE6AF4FA1383} = {7C9A63D1-8660-4E1B-AA96-F9C0CD1FB3F3}
		{549CBDF1-C0FB-403F-9176-AFF129ED504F} = {7C9A63D1-8660-4E1B-AA96-F9C0CD1FB3F3}
		{8853ED25-278B-4AF6-AFFE-2A0F97345E50} = {7C9A63D1-8660-4E1B-AA96-F9C0CD1FB3F3}
		{4138B9D6-7752-4D69-B02F-EFBE62DF772A} = {7C9A63D1-8660-4E1B-AA96-F9C0CD1FB3F3}
		{6EBCDF70-67E1-4D24-BF04-F804E37F0684} = {7C9A63D1-8660-4E1B-AA96-F9C0CD1FB3F3}
		{C766159F-86EE-4FD0-B750-F6F2C6069FCB} = {39BDD10F-27A6-412C-829B-1A4765724547}
		{841911B2-78B1-4D7B-8B4F-50675F744F12} = {5C4F2192-32AC-4AFF-946A-EA4B9425EF21}
		{1055CF76-6DBB-468A-91A3-6EB0EA4839EB} = {39BDD10F-27A6-412C-829B-1A4765724547}
		{6FBB0666-1E31-403D-BFEC-EDDEC8121E34} = {5C4F2192-32AC-4AFF-946A-EA4B9425EF21}
		{F2BD3C80-4B84-45DD-B02C-8B4014D112E4} = {39BDD10F-27A6-412C-829B-1A4765724547}
	EndGlobalSection
	GlobalSection(ExtensibilityGlobals) = postSolution
		SolutionGuid = {768F9C24-7FBD-4C9D-A779-A04B44622C3A}
	EndGlobalSection
EndGlobal
