
Microsoft Visual Studio Solution File, Format Version 12.00
# Visual Studio Version 16
VisualStudioVersion = 16.0.29905.134
MinimumVisualStudioVersion = 10.0.40219.1
Project("{FAE04EC0-301F-11D3-BF4B-00C04F79EFBC}") = "SunriseLauncher", "SunriseLauncher.csproj", "{170417F8-DBF6-4192-926D-B0802D0F25CA}"
EndProject
Global
	GlobalSection(SolutionConfigurationPlatforms) = preSolution
		Debug|Any CPU = Debug|Any CPU
		Release|Any CPU = Release|Any CPU
	EndGlobalSection
	GlobalSection(ProjectConfigurationPlatforms) = postSolution
		{170417F8-DBF6-4192-926D-B0802D0F25CA}.Debug|Any CPU.ActiveCfg = Debug|Any CPU
		{170417F8-DBF6-4192-926D-B0802D0F25CA}.Debug|Any CPU.Build.0 = Debug|Any CPU
		{170417F8-DBF6-4192-926D-B0802D0F25CA}.Release|Any CPU.ActiveCfg = Release|Any CPU
		{170417F8-DBF6-4192-926D-B0802D0F25CA}.Release|Any CPU.Build.0 = Release|Any CPU
	EndGlobalSection
	GlobalSection(SolutionProperties) = preSolution
		HideSolutionNode = FALSE
	EndGlobalSection
	GlobalSection(ExtensibilityGlobals) = postSolution
		SolutionGuid = {FD2F668E-1C18-4CD2-BC2A-D4ABF8CE4732}
	EndGlobalSection
EndGlobal
